
Microsoft Visual Studio Solution File, Format Version 12.00
# Visual Studio Version 17
VisualStudioVersion = 17.6.33829.357
MinimumVisualStudioVersion = 10.0.40219.1
Project("{8BC9CEB8-8B4A-11D0-8D11-00A0C91BC942}") = "01_animal", "01_animal\01_animal.vcxproj", "{006B7D0F-2E76-46F9-9B75-9A67D6135193}"
EndProject
Project("{8BC9CEB8-8B4A-11D0-8D11-00A0C91BC942}") = "02_Message", "02_Message\02_Message.vcxproj", "{EBB76AA5-3181-4233-AF93-121423537A07}"
EndProject
Global
	GlobalSection(SolutionConfigurationPlatforms) = preSolution
		Debug|x64 = Debug|x64
		Debug|x86 = Debug|x86
		Release|x64 = Release|x64
		Release|x86 = Release|x86
	EndGlobalSection
	GlobalSection(ProjectConfigurationPlatforms) = postSolution
		{006B7D0F-2E76-46F9-9B75-9A67D6135193}.Debug|x64.ActiveCfg = Debug|x64
		{006B7D0F-2E76-46F9-9B75-9A67D6135193}.Debug|x64.Build.0 = Debug|x64
		{006B7D0F-2E76-46F9-9B75-9A67D6135193}.Debug|x86.ActiveCfg = Debug|Win32
		{006B7D0F-2E76-46F9-9B75-9A67D6135193}.Debug|x86.Build.0 = Debug|Win32
		{006B7D0F-2E76-46F9-9B75-9A67D6135193}.Release|x64.ActiveCfg = Release|x64
		{006B7D0F-2E76-46F9-9B75-9A67D6135193}.Release|x64.Build.0 = Release|x64
		{006B7D0F-2E76-46F9-9B75-9A67D6135193}.Release|x86.ActiveCfg = Release|Win32
		{006B7D0F-2E76-46F9-9B75-9A67D6135193}.Release|x86.Build.0 = Release|Win32
		{EBB76AA5-3181-4233-AF93-121423537A07}.Debug|x64.ActiveCfg = Debug|x64
		{EBB76AA5-3181-4233-AF93-121423537A07}.Debug|x64.Build.0 = Debug|x64
		{EBB76AA5-3181-4233-AF93-121423537A07}.Debug|x86.ActiveCfg = Debug|Win32
		{EBB76AA5-3181-4233-AF93-121423537A07}.Debug|x86.Build.0 = Debug|Win32
		{EBB76AA5-3181-4233-AF93-121423537A07}.Release|x64.ActiveCfg = Release|x64
		{EBB76AA5-3181-4233-AF93-121423537A07}.Release|x64.Build.0 = Release|x64
		{EBB76AA5-3181-4233-AF93-121423537A07}.Release|x86.ActiveCfg = Release|Win32
		{EBB76AA5-3181-4233-AF93-121423537A07}.Release|x86.Build.0 = Release|Win32
	EndGlobalSection
	GlobalSection(SolutionProperties) = preSolution
		HideSolutionNode = FALSE
	EndGlobalSection
	GlobalSection(ExtensibilityGlobals) = postSolution
		SolutionGuid = {0508FFDA-7E3B-451E-AC3B-72FB58DA0969}
	EndGlobalSection
EndGlobal
