
Microsoft Visual Studio Solution File, Format Version 12.00
# Visual Studio Version 17
VisualStudioVersion = 17.6.33829.357
MinimumVisualStudioVersion = 10.0.40219.1
Project("{8BC9CEB8-8B4A-11D0-8D11-00A0C91BC942}") = "001_print", "001_print\001_print.vcxproj", "{B73BEAD7-88AC-45F6-BAE7-9898CE19059D}"
EndProject
Project("{8BC9CEB8-8B4A-11D0-8D11-00A0C91BC942}") = "007_bmi", "007_bmi\007_bmi.vcxproj", "{4CE267F3-F5B7-4328-8850-0B3044524E01}"
EndProject
Project("{8BC9CEB8-8B4A-11D0-8D11-00A0C91BC942}") = "009_sizeof", "009_sizeof\009_sizeof.vcxproj", "{DF0276BE-5AEA-4DB1-8547-99C9182BFEBE}"
EndProject
Project("{8BC9CEB8-8B4A-11D0-8D11-00A0C91BC942}") = "013_if", "013_if\013_if.vcxproj", "{6EE2ACD6-8B87-45E2-B333-ED1D0B448922}"
EndProject
Project("{8BC9CEB8-8B4A-11D0-8D11-00A0C91BC942}") = "014_switch", "014_switch\014_switch.vcxproj", "{263E6BC1-81CA-4566-A44A-70C7BFA7819A}"
EndProject
Project("{8BC9CEB8-8B4A-11D0-8D11-00A0C91BC942}") = "016_celcius", "016_celcius\016_celcius.vcxproj", "{3F4063AF-333C-4784-9EBE-9F0C9D8C8174}"
EndProject
Project("{8BC9CEB8-8B4A-11D0-8D11-00A0C91BC942}") = "031_array", "031_array\031_array.vcxproj", "{8887B5D9-9DB0-414E-9930-32254992F66A}"
EndProject
Project("{8BC9CEB8-8B4A-11D0-8D11-00A0C91BC942}") = "023_gugu", "023_gugu\023_gugu.vcxproj", "{02579BE4-6BAF-4269-AFE2-E73DD80072F3}"
EndProject
Project("{8BC9CEB8-8B4A-11D0-8D11-00A0C91BC942}") = "024_NumTriangle", "024_NumTriangle\024_NumTriangle.vcxproj", "{9A00B5EA-8188-4387-B44D-B93B67E53FD7}"
EndProject
Project("{8BC9CEB8-8B4A-11D0-8D11-00A0C91BC942}") = "025_divisor", "025_divisor\025_divisor.vcxproj", "{6318BED3-75EC-4538-8827-1E2207C24B1A}"
EndProject
Project("{8BC9CEB8-8B4A-11D0-8D11-00A0C91BC942}") = "026_numTriangle", "026_numTriangle\026_numTriangle.vcxproj", "{B1960B34-86C6-4087-B76F-497A7788B446}"
EndProject
Project("{8BC9CEB8-8B4A-11D0-8D11-00A0C91BC942}") = "032_charArray", "032_charArray\032_charArray.vcxproj", "{A63F0A29-5EFA-4C07-B335-46007C2BBB29}"
EndProject
Project("{8BC9CEB8-8B4A-11D0-8D11-00A0C91BC942}") = "033_concat", "033_concat\033_concat.vcxproj", "{EEF8B20A-F371-4E4F-950F-93AABCE978EC}"
EndProject
Project("{8BC9CEB8-8B4A-11D0-8D11-00A0C91BC942}") = "037_strncat", "037_strncat\037_strncat.vcxproj", "{E3E4114A-E8CD-463A-96C2-FBA37CC72C78}"
EndProject
Project("{8BC9CEB8-8B4A-11D0-8D11-00A0C91BC942}") = "036_largestOfThree", "036_largestOfThree\036_largestOfThree.vcxproj", "{74E82BD1-B8D0-4CCB-821B-588DDB84075F}"
EndProject
Project("{8BC9CEB8-8B4A-11D0-8D11-00A0C91BC942}") = "038_pointer", "038_pointer\038_pointer.vcxproj", "{0F372AC9-F96B-469B-9B4F-5286F8BD87D4}"
EndProject
Project("{8BC9CEB8-8B4A-11D0-8D11-00A0C91BC942}") = "039_pointerNArray", "039_pointerNArray\039_pointerNArray.vcxproj", "{F4C93CB9-C59C-4BC8-80C7-5859BE112AFD}"
EndProject
Project("{8BC9CEB8-8B4A-11D0-8D11-00A0C91BC942}") = "040_arrayPointer", "040_arrayPointer\040_arrayPointer.vcxproj", "{5C94FB4D-2F4D-47A2-AEBC-526A75FF69D4}"
EndProject
Project("{8BC9CEB8-8B4A-11D0-8D11-00A0C91BC942}") = "041_2DarrayPointer", "041_2DarrayPointer\041_2DarrayPointer.vcxproj", "{70FD3A16-4874-424A-928A-85AE6A4B1D05}"
EndProject
Project("{8BC9CEB8-8B4A-11D0-8D11-00A0C91BC942}") = "042_PointerArray", "042_PointerArray\042_PointerArray.vcxproj", "{F67C7ED4-17C2-4A6A-BC02-0F6DDBFC73FA}"
EndProject
Project("{8BC9CEB8-8B4A-11D0-8D11-00A0C91BC942}") = "043_2DstringArray", "043_2DstringArray\043_2DstringArray.vcxproj", "{A809FA8B-E032-4066-AAE6-2766DBC703D9}"
EndProject
Project("{8BC9CEB8-8B4A-11D0-8D11-00A0C91BC942}") = "044_calcualtor", "044_calcualtor\044_calcualtor.vcxproj", "{0B97BA66-7848-42C9-A833-4014F856C687}"
EndProject
Project("{8BC9CEB8-8B4A-11D0-8D11-00A0C91BC942}") = "045_cycle", "045_cycle\045_cycle.vcxproj", "{5C18FC85-366E-4E22-A1A0-2994724365A3}"
EndProject
Project("{8BC9CEB8-8B4A-11D0-8D11-00A0C91BC942}") = "046_factorial", "046_factorial\046_factorial.vcxproj", "{8A1373B8-F2D0-444F-877F-E23FB115365F}"
EndProject
Project("{8BC9CEB8-8B4A-11D0-8D11-00A0C91BC942}") = "047_fibonacci", "047_fibonacci\0047_fibonacci.vcxproj", "{2296F2DB-0EBD-4655-B5BA-DD054A0CC9DD}"
EndProject
Project("{8BC9CEB8-8B4A-11D0-8D11-00A0C91BC942}") = "050_Rectangle", "050_Rectangle\050_Rectangle.vcxproj", "{4B788AE0-861F-4725-8119-FA288ED5F0B0}"
EndProject
Project("{8BC9CEB8-8B4A-11D0-8D11-00A0C91BC942}") = "053_studentInfo", "051_studentInfo\051_studentInfo.vcxproj", "{BCAF99F4-1F16-4F8E-B1DD-FE3D834A60AE}"
EndProject
Project("{8BC9CEB8-8B4A-11D0-8D11-00A0C91BC942}") = "054_ThreeStudents", "054_ThreeStudents\054_ThreeStudents.vcxproj", "{C5824426-450F-48A2-8A5F-3E0CE1F7B261}"
EndProject
Project("{8BC9CEB8-8B4A-11D0-8D11-00A0C91BC942}") = "056_enum", "056_enum\056_enum.vcxproj", "{590E0310-6A21-4FA1-97C3-C3F35619D7D6}"
EndProject
Project("{8BC9CEB8-8B4A-11D0-8D11-00A0C91BC942}") = "057_dayOfWeek", "057_dayOfWeek\057_dayOfWeek.vcxproj", "{299E6D2A-EB47-4A44-9087-3B4018D4AF5F}"
EndProject
Project("{8BC9CEB8-8B4A-11D0-8D11-00A0C91BC942}") = "058_cafe", "058_cafe\058_cafe.vcxproj", "{33912CE0-6A68-4192-88BC-7667389B34CC}"
EndProject
Project("{8BC9CEB8-8B4A-11D0-8D11-00A0C91BC942}") = "059_define", "059_define\059_define.vcxproj", "{314CF48B-0FE8-450D-919B-AB3967E92057}"
EndProject
Project("{8BC9CEB8-8B4A-11D0-8D11-00A0C91BC942}") = "060_bitMasking", "060_bitMasking\060_bitMasking.vcxproj", "{BF5A3675-34C9-4FEF-9C98-0DC3692F3365}"
EndProject
Project("{8BC9CEB8-8B4A-11D0-8D11-00A0C91BC942}") = "061_fileCopy", "061_fileCopy\061_fileCopy.vcxproj", "{A60CD6CD-242A-47BC-82D9-9CA406B44405}"
EndProject
Project("{8BC9CEB8-8B4A-11D0-8D11-00A0C91BC942}") = "062_FIveInteger", "062_FIveInteger\062_FIveInteger.vcxproj", "{167C75BA-ED9B-463C-98C3-1DC6EAA4EBFC}"
EndProject
Project("{8BC9CEB8-8B4A-11D0-8D11-00A0C91BC942}") = "067_Point", "067_Point\067_Point.vcxproj", "{E4230133-AD40-45E2-BC47-0F4D9F04DC77}"
EndProject
Global
	GlobalSection(SolutionConfigurationPlatforms) = preSolution
		Debug|x64 = Debug|x64
		Debug|x86 = Debug|x86
		Release|x64 = Release|x64
		Release|x86 = Release|x86
	EndGlobalSection
	GlobalSection(ProjectConfigurationPlatforms) = postSolution
		{B73BEAD7-88AC-45F6-BAE7-9898CE19059D}.Debug|x64.ActiveCfg = Debug|x64
		{B73BEAD7-88AC-45F6-BAE7-9898CE19059D}.Debug|x64.Build.0 = Debug|x64
		{B73BEAD7-88AC-45F6-BAE7-9898CE19059D}.Debug|x86.ActiveCfg = Debug|Win32
		{B73BEAD7-88AC-45F6-BAE7-9898CE19059D}.Debug|x86.Build.0 = Debug|Win32
		{B73BEAD7-88AC-45F6-BAE7-9898CE19059D}.Release|x64.ActiveCfg = Release|x64
		{B73BEAD7-88AC-45F6-BAE7-9898CE19059D}.Release|x64.Build.0 = Release|x64
		{B73BEAD7-88AC-45F6-BAE7-9898CE19059D}.Release|x86.ActiveCfg = Release|Win32
		{B73BEAD7-88AC-45F6-BAE7-9898CE19059D}.Release|x86.Build.0 = Release|Win32
		{4CE267F3-F5B7-4328-8850-0B3044524E01}.Debug|x64.ActiveCfg = Debug|x64
		{4CE267F3-F5B7-4328-8850-0B3044524E01}.Debug|x64.Build.0 = Debug|x64
		{4CE267F3-F5B7-4328-8850-0B3044524E01}.Debug|x86.ActiveCfg = Debug|Win32
		{4CE267F3-F5B7-4328-8850-0B3044524E01}.Debug|x86.Build.0 = Debug|Win32
		{4CE267F3-F5B7-4328-8850-0B3044524E01}.Release|x64.ActiveCfg = Release|x64
		{4CE267F3-F5B7-4328-8850-0B3044524E01}.Release|x64.Build.0 = Release|x64
		{4CE267F3-F5B7-4328-8850-0B3044524E01}.Release|x86.ActiveCfg = Release|Win32
		{4CE267F3-F5B7-4328-8850-0B3044524E01}.Release|x86.Build.0 = Release|Win32
		{DF0276BE-5AEA-4DB1-8547-99C9182BFEBE}.Debug|x64.ActiveCfg = Debug|x64
		{DF0276BE-5AEA-4DB1-8547-99C9182BFEBE}.Debug|x64.Build.0 = Debug|x64
		{DF0276BE-5AEA-4DB1-8547-99C9182BFEBE}.Debug|x86.ActiveCfg = Debug|Win32
		{DF0276BE-5AEA-4DB1-8547-99C9182BFEBE}.Debug|x86.Build.0 = Debug|Win32
		{DF0276BE-5AEA-4DB1-8547-99C9182BFEBE}.Release|x64.ActiveCfg = Release|x64
		{DF0276BE-5AEA-4DB1-8547-99C9182BFEBE}.Release|x64.Build.0 = Release|x64
		{DF0276BE-5AEA-4DB1-8547-99C9182BFEBE}.Release|x86.ActiveCfg = Release|Win32
		{DF0276BE-5AEA-4DB1-8547-99C9182BFEBE}.Release|x86.Build.0 = Release|Win32
		{6EE2ACD6-8B87-45E2-B333-ED1D0B448922}.Debug|x64.ActiveCfg = Debug|x64
		{6EE2ACD6-8B87-45E2-B333-ED1D0B448922}.Debug|x64.Build.0 = Debug|x64
		{6EE2ACD6-8B87-45E2-B333-ED1D0B448922}.Debug|x86.ActiveCfg = Debug|Win32
		{6EE2ACD6-8B87-45E2-B333-ED1D0B448922}.Debug|x86.Build.0 = Debug|Win32
		{6EE2ACD6-8B87-45E2-B333-ED1D0B448922}.Release|x64.ActiveCfg = Release|x64
		{6EE2ACD6-8B87-45E2-B333-ED1D0B448922}.Release|x64.Build.0 = Release|x64
		{6EE2ACD6-8B87-45E2-B333-ED1D0B448922}.Release|x86.ActiveCfg = Release|Win32
		{6EE2ACD6-8B87-45E2-B333-ED1D0B448922}.Release|x86.Build.0 = Release|Win32
		{263E6BC1-81CA-4566-A44A-70C7BFA7819A}.Debug|x64.ActiveCfg = Debug|x64
		{263E6BC1-81CA-4566-A44A-70C7BFA7819A}.Debug|x64.Build.0 = Debug|x64
		{263E6BC1-81CA-4566-A44A-70C7BFA7819A}.Debug|x86.ActiveCfg = Debug|Win32
		{263E6BC1-81CA-4566-A44A-70C7BFA7819A}.Debug|x86.Build.0 = Debug|Win32
		{263E6BC1-81CA-4566-A44A-70C7BFA7819A}.Release|x64.ActiveCfg = Release|x64
		{263E6BC1-81CA-4566-A44A-70C7BFA7819A}.Release|x64.Build.0 = Release|x64
		{263E6BC1-81CA-4566-A44A-70C7BFA7819A}.Release|x86.ActiveCfg = Release|Win32
		{263E6BC1-81CA-4566-A44A-70C7BFA7819A}.Release|x86.Build.0 = Release|Win32
		{3F4063AF-333C-4784-9EBE-9F0C9D8C8174}.Debug|x64.ActiveCfg = Debug|x64
		{3F4063AF-333C-4784-9EBE-9F0C9D8C8174}.Debug|x64.Build.0 = Debug|x64
		{3F4063AF-333C-4784-9EBE-9F0C9D8C8174}.Debug|x86.ActiveCfg = Debug|Win32
		{3F4063AF-333C-4784-9EBE-9F0C9D8C8174}.Debug|x86.Build.0 = Debug|Win32
		{3F4063AF-333C-4784-9EBE-9F0C9D8C8174}.Release|x64.ActiveCfg = Release|x64
		{3F4063AF-333C-4784-9EBE-9F0C9D8C8174}.Release|x64.Build.0 = Release|x64
		{3F4063AF-333C-4784-9EBE-9F0C9D8C8174}.Release|x86.ActiveCfg = Release|Win32
		{3F4063AF-333C-4784-9EBE-9F0C9D8C8174}.Release|x86.Build.0 = Release|Win32
		{8887B5D9-9DB0-414E-9930-32254992F66A}.Debug|x64.ActiveCfg = Debug|x64
		{8887B5D9-9DB0-414E-9930-32254992F66A}.Debug|x64.Build.0 = Debug|x64
		{8887B5D9-9DB0-414E-9930-32254992F66A}.Debug|x86.ActiveCfg = Debug|Win32
		{8887B5D9-9DB0-414E-9930-32254992F66A}.Debug|x86.Build.0 = Debug|Win32
		{8887B5D9-9DB0-414E-9930-32254992F66A}.Release|x64.ActiveCfg = Release|x64
		{8887B5D9-9DB0-414E-9930-32254992F66A}.Release|x64.Build.0 = Release|x64
		{8887B5D9-9DB0-414E-9930-32254992F66A}.Release|x86.ActiveCfg = Release|Win32
		{8887B5D9-9DB0-414E-9930-32254992F66A}.Release|x86.Build.0 = Release|Win32
		{02579BE4-6BAF-4269-AFE2-E73DD80072F3}.Debug|x64.ActiveCfg = Debug|x64
		{02579BE4-6BAF-4269-AFE2-E73DD80072F3}.Debug|x64.Build.0 = Debug|x64
		{02579BE4-6BAF-4269-AFE2-E73DD80072F3}.Debug|x86.ActiveCfg = Debug|Win32
		{02579BE4-6BAF-4269-AFE2-E73DD80072F3}.Debug|x86.Build.0 = Debug|Win32
		{02579BE4-6BAF-4269-AFE2-E73DD80072F3}.Release|x64.ActiveCfg = Release|x64
		{02579BE4-6BAF-4269-AFE2-E73DD80072F3}.Release|x64.Build.0 = Release|x64
		{02579BE4-6BAF-4269-AFE2-E73DD80072F3}.Release|x86.ActiveCfg = Release|Win32
		{02579BE4-6BAF-4269-AFE2-E73DD80072F3}.Release|x86.Build.0 = Release|Win32
		{9A00B5EA-8188-4387-B44D-B93B67E53FD7}.Debug|x64.ActiveCfg = Debug|x64
		{9A00B5EA-8188-4387-B44D-B93B67E53FD7}.Debug|x64.Build.0 = Debug|x64
		{9A00B5EA-8188-4387-B44D-B93B67E53FD7}.Debug|x86.ActiveCfg = Debug|Win32
		{9A00B5EA-8188-4387-B44D-B93B67E53FD7}.Debug|x86.Build.0 = Debug|Win32
		{9A00B5EA-8188-4387-B44D-B93B67E53FD7}.Release|x64.ActiveCfg = Release|x64
		{9A00B5EA-8188-4387-B44D-B93B67E53FD7}.Release|x64.Build.0 = Release|x64
		{9A00B5EA-8188-4387-B44D-B93B67E53FD7}.Release|x86.ActiveCfg = Release|Win32
		{9A00B5EA-8188-4387-B44D-B93B67E53FD7}.Release|x86.Build.0 = Release|Win32
		{6318BED3-75EC-4538-8827-1E2207C24B1A}.Debug|x64.ActiveCfg = Debug|x64
		{6318BED3-75EC-4538-8827-1E2207C24B1A}.Debug|x64.Build.0 = Debug|x64
		{6318BED3-75EC-4538-8827-1E2207C24B1A}.Debug|x86.ActiveCfg = Debug|Win32
		{6318BED3-75EC-4538-8827-1E2207C24B1A}.Debug|x86.Build.0 = Debug|Win32
		{6318BED3-75EC-4538-8827-1E2207C24B1A}.Release|x64.ActiveCfg = Release|x64
		{6318BED3-75EC-4538-8827-1E2207C24B1A}.Release|x64.Build.0 = Release|x64
		{6318BED3-75EC-4538-8827-1E2207C24B1A}.Release|x86.ActiveCfg = Release|Win32
		{6318BED3-75EC-4538-8827-1E2207C24B1A}.Release|x86.Build.0 = Release|Win32
		{B1960B34-86C6-4087-B76F-497A7788B446}.Debug|x64.ActiveCfg = Debug|x64
		{B1960B34-86C6-4087-B76F-497A7788B446}.Debug|x64.Build.0 = Debug|x64
		{B1960B34-86C6-4087-B76F-497A7788B446}.Debug|x86.ActiveCfg = Debug|Win32
		{B1960B34-86C6-4087-B76F-497A7788B446}.Debug|x86.Build.0 = Debug|Win32
		{B1960B34-86C6-4087-B76F-497A7788B446}.Release|x64.ActiveCfg = Release|x64
		{B1960B34-86C6-4087-B76F-497A7788B446}.Release|x64.Build.0 = Release|x64
		{B1960B34-86C6-4087-B76F-497A7788B446}.Release|x86.ActiveCfg = Release|Win32
		{B1960B34-86C6-4087-B76F-497A7788B446}.Release|x86.Build.0 = Release|Win32
		{A63F0A29-5EFA-4C07-B335-46007C2BBB29}.Debug|x64.ActiveCfg = Debug|x64
		{A63F0A29-5EFA-4C07-B335-46007C2BBB29}.Debug|x64.Build.0 = Debug|x64
		{A63F0A29-5EFA-4C07-B335-46007C2BBB29}.Debug|x86.ActiveCfg = Debug|Win32
		{A63F0A29-5EFA-4C07-B335-46007C2BBB29}.Debug|x86.Build.0 = Debug|Win32
		{A63F0A29-5EFA-4C07-B335-46007C2BBB29}.Release|x64.ActiveCfg = Release|x64
		{A63F0A29-5EFA-4C07-B335-46007C2BBB29}.Release|x64.Build.0 = Release|x64
		{A63F0A29-5EFA-4C07-B335-46007C2BBB29}.Release|x86.ActiveCfg = Release|Win32
		{A63F0A29-5EFA-4C07-B335-46007C2BBB29}.Release|x86.Build.0 = Release|Win32
		{EEF8B20A-F371-4E4F-950F-93AABCE978EC}.Debug|x64.ActiveCfg = Debug|x64
		{EEF8B20A-F371-4E4F-950F-93AABCE978EC}.Debug|x64.Build.0 = Debug|x64
		{EEF8B20A-F371-4E4F-950F-93AABCE978EC}.Debug|x86.ActiveCfg = Debug|Win32
		{EEF8B20A-F371-4E4F-950F-93AABCE978EC}.Debug|x86.Build.0 = Debug|Win32
		{EEF8B20A-F371-4E4F-950F-93AABCE978EC}.Release|x64.ActiveCfg = Release|x64
		{EEF8B20A-F371-4E4F-950F-93AABCE978EC}.Release|x64.Build.0 = Release|x64
		{EEF8B20A-F371-4E4F-950F-93AABCE978EC}.Release|x86.ActiveCfg = Release|Win32
		{EEF8B20A-F371-4E4F-950F-93AABCE978EC}.Release|x86.Build.0 = Release|Win32
		{E3E4114A-E8CD-463A-96C2-FBA37CC72C78}.Debug|x64.ActiveCfg = Debug|x64
		{E3E4114A-E8CD-463A-96C2-FBA37CC72C78}.Debug|x64.Build.0 = Debug|x64
		{E3E4114A-E8CD-463A-96C2-FBA37CC72C78}.Debug|x86.ActiveCfg = Debug|Win32
		{E3E4114A-E8CD-463A-96C2-FBA37CC72C78}.Debug|x86.Build.0 = Debug|Win32
		{E3E4114A-E8CD-463A-96C2-FBA37CC72C78}.Release|x64.ActiveCfg = Release|x64
		{E3E4114A-E8CD-463A-96C2-FBA37CC72C78}.Release|x64.Build.0 = Release|x64
		{E3E4114A-E8CD-463A-96C2-FBA37CC72C78}.Release|x86.ActiveCfg = Release|Win32
		{E3E4114A-E8CD-463A-96C2-FBA37CC72C78}.Release|x86.Build.0 = Release|Win32
		{74E82BD1-B8D0-4CCB-821B-588DDB84075F}.Debug|x64.ActiveCfg = Debug|x64
		{74E82BD1-B8D0-4CCB-821B-588DDB84075F}.Debug|x64.Build.0 = Debug|x64
		{74E82BD1-B8D0-4CCB-821B-588DDB84075F}.Debug|x86.ActiveCfg = Debug|Win32
		{74E82BD1-B8D0-4CCB-821B-588DDB84075F}.Debug|x86.Build.0 = Debug|Win32
		{74E82BD1-B8D0-4CCB-821B-588DDB84075F}.Release|x64.ActiveCfg = Release|x64
		{74E82BD1-B8D0-4CCB-821B-588DDB84075F}.Release|x64.Build.0 = Release|x64
		{74E82BD1-B8D0-4CCB-821B-588DDB84075F}.Release|x86.ActiveCfg = Release|Win32
		{74E82BD1-B8D0-4CCB-821B-588DDB84075F}.Release|x86.Build.0 = Release|Win32
		{0F372AC9-F96B-469B-9B4F-5286F8BD87D4}.Debug|x64.ActiveCfg = Debug|x64
		{0F372AC9-F96B-469B-9B4F-5286F8BD87D4}.Debug|x64.Build.0 = Debug|x64
		{0F372AC9-F96B-469B-9B4F-5286F8BD87D4}.Debug|x86.ActiveCfg = Debug|Win32
		{0F372AC9-F96B-469B-9B4F-5286F8BD87D4}.Debug|x86.Build.0 = Debug|Win32
		{0F372AC9-F96B-469B-9B4F-5286F8BD87D4}.Release|x64.ActiveCfg = Release|x64
		{0F372AC9-F96B-469B-9B4F-5286F8BD87D4}.Release|x64.Build.0 = Release|x64
		{0F372AC9-F96B-469B-9B4F-5286F8BD87D4}.Release|x86.ActiveCfg = Release|Win32
		{0F372AC9-F96B-469B-9B4F-5286F8BD87D4}.Release|x86.Build.0 = Release|Win32
		{F4C93CB9-C59C-4BC8-80C7-5859BE112AFD}.Debug|x64.ActiveCfg = Debug|x64
		{F4C93CB9-C59C-4BC8-80C7-5859BE112AFD}.Debug|x64.Build.0 = Debug|x64
		{F4C93CB9-C59C-4BC8-80C7-5859BE112AFD}.Debug|x86.ActiveCfg = Debug|Win32
		{F4C93CB9-C59C-4BC8-80C7-5859BE112AFD}.Debug|x86.Build.0 = Debug|Win32
		{F4C93CB9-C59C-4BC8-80C7-5859BE112AFD}.Release|x64.ActiveCfg = Release|x64
		{F4C93CB9-C59C-4BC8-80C7-5859BE112AFD}.Release|x64.Build.0 = Release|x64
		{F4C93CB9-C59C-4BC8-80C7-5859BE112AFD}.Release|x86.ActiveCfg = Release|Win32
		{F4C93CB9-C59C-4BC8-80C7-5859BE112AFD}.Release|x86.Build.0 = Release|Win32
		{5C94FB4D-2F4D-47A2-AEBC-526A75FF69D4}.Debug|x64.ActiveCfg = Debug|x64
		{5C94FB4D-2F4D-47A2-AEBC-526A75FF69D4}.Debug|x64.Build.0 = Debug|x64
		{5C94FB4D-2F4D-47A2-AEBC-526A75FF69D4}.Debug|x86.ActiveCfg = Debug|Win32
		{5C94FB4D-2F4D-47A2-AEBC-526A75FF69D4}.Debug|x86.Build.0 = Debug|Win32
		{5C94FB4D-2F4D-47A2-AEBC-526A75FF69D4}.Release|x64.ActiveCfg = Release|x64
		{5C94FB4D-2F4D-47A2-AEBC-526A75FF69D4}.Release|x64.Build.0 = Release|x64
		{5C94FB4D-2F4D-47A2-AEBC-526A75FF69D4}.Release|x86.ActiveCfg = Release|Win32
		{5C94FB4D-2F4D-47A2-AEBC-526A75FF69D4}.Release|x86.Build.0 = Release|Win32
		{70FD3A16-4874-424A-928A-85AE6A4B1D05}.Debug|x64.ActiveCfg = Debug|x64
		{70FD3A16-4874-424A-928A-85AE6A4B1D05}.Debug|x64.Build.0 = Debug|x64
		{70FD3A16-4874-424A-928A-85AE6A4B1D05}.Debug|x86.ActiveCfg = Debug|Win32
		{70FD3A16-4874-424A-928A-85AE6A4B1D05}.Debug|x86.Build.0 = Debug|Win32
		{70FD3A16-4874-424A-928A-85AE6A4B1D05}.Release|x64.ActiveCfg = Release|x64
		{70FD3A16-4874-424A-928A-85AE6A4B1D05}.Release|x64.Build.0 = Release|x64
		{70FD3A16-4874-424A-928A-85AE6A4B1D05}.Release|x86.ActiveCfg = Release|Win32
		{70FD3A16-4874-424A-928A-85AE6A4B1D05}.Release|x86.Build.0 = Release|Win32
		{F67C7ED4-17C2-4A6A-BC02-0F6DDBFC73FA}.Debug|x64.ActiveCfg = Debug|x64
		{F67C7ED4-17C2-4A6A-BC02-0F6DDBFC73FA}.Debug|x64.Build.0 = Debug|x64
		{F67C7ED4-17C2-4A6A-BC02-0F6DDBFC73FA}.Debug|x86.ActiveCfg = Debug|Win32
		{F67C7ED4-17C2-4A6A-BC02-0F6DDBFC73FA}.Debug|x86.Build.0 = Debug|Win32
		{F67C7ED4-17C2-4A6A-BC02-0F6DDBFC73FA}.Release|x64.ActiveCfg = Release|x64
		{F67C7ED4-17C2-4A6A-BC02-0F6DDBFC73FA}.Release|x64.Build.0 = Release|x64
		{F67C7ED4-17C2-4A6A-BC02-0F6DDBFC73FA}.Release|x86.ActiveCfg = Release|Win32
		{F67C7ED4-17C2-4A6A-BC02-0F6DDBFC73FA}.Release|x86.Build.0 = Release|Win32
		{A809FA8B-E032-4066-AAE6-2766DBC703D9}.Debug|x64.ActiveCfg = Debug|x64
		{A809FA8B-E032-4066-AAE6-2766DBC703D9}.Debug|x64.Build.0 = Debug|x64
		{A809FA8B-E032-4066-AAE6-2766DBC703D9}.Debug|x86.ActiveCfg = Debug|Win32
		{A809FA8B-E032-4066-AAE6-2766DBC703D9}.Debug|x86.Build.0 = Debug|Win32
		{A809FA8B-E032-4066-AAE6-2766DBC703D9}.Release|x64.ActiveCfg = Release|x64
		{A809FA8B-E032-4066-AAE6-2766DBC703D9}.Release|x64.Build.0 = Release|x64
		{A809FA8B-E032-4066-AAE6-2766DBC703D9}.Release|x86.ActiveCfg = Release|Win32
		{A809FA8B-E032-4066-AAE6-2766DBC703D9}.Release|x86.Build.0 = Release|Win32
		{0B97BA66-7848-42C9-A833-4014F856C687}.Debug|x64.ActiveCfg = Debug|x64
		{0B97BA66-7848-42C9-A833-4014F856C687}.Debug|x64.Build.0 = Debug|x64
		{0B97BA66-7848-42C9-A833-4014F856C687}.Debug|x86.ActiveCfg = Debug|Win32
		{0B97BA66-7848-42C9-A833-4014F856C687}.Debug|x86.Build.0 = Debug|Win32
		{0B97BA66-7848-42C9-A833-4014F856C687}.Release|x64.ActiveCfg = Release|x64
		{0B97BA66-7848-42C9-A833-4014F856C687}.Release|x64.Build.0 = Release|x64
		{0B97BA66-7848-42C9-A833-4014F856C687}.Release|x86.ActiveCfg = Release|Win32
		{0B97BA66-7848-42C9-A833-4014F856C687}.Release|x86.Build.0 = Release|Win32
		{5C18FC85-366E-4E22-A1A0-2994724365A3}.Debug|x64.ActiveCfg = Debug|x64
		{5C18FC85-366E-4E22-A1A0-2994724365A3}.Debug|x64.Build.0 = Debug|x64
		{5C18FC85-366E-4E22-A1A0-2994724365A3}.Debug|x86.ActiveCfg = Debug|Win32
		{5C18FC85-366E-4E22-A1A0-2994724365A3}.Debug|x86.Build.0 = Debug|Win32
		{5C18FC85-366E-4E22-A1A0-2994724365A3}.Release|x64.ActiveCfg = Release|x64
		{5C18FC85-366E-4E22-A1A0-2994724365A3}.Release|x64.Build.0 = Release|x64
		{5C18FC85-366E-4E22-A1A0-2994724365A3}.Release|x86.ActiveCfg = Release|Win32
		{5C18FC85-366E-4E22-A1A0-2994724365A3}.Release|x86.Build.0 = Release|Win32
		{8A1373B8-F2D0-444F-877F-E23FB115365F}.Debug|x64.ActiveCfg = Debug|x64
		{8A1373B8-F2D0-444F-877F-E23FB115365F}.Debug|x64.Build.0 = Debug|x64
		{8A1373B8-F2D0-444F-877F-E23FB115365F}.Debug|x86.ActiveCfg = Debug|Win32
		{8A1373B8-F2D0-444F-877F-E23FB115365F}.Debug|x86.Build.0 = Debug|Win32
		{8A1373B8-F2D0-444F-877F-E23FB115365F}.Release|x64.ActiveCfg = Release|x64
		{8A1373B8-F2D0-444F-877F-E23FB115365F}.Release|x64.Build.0 = Release|x64
		{8A1373B8-F2D0-444F-877F-E23FB115365F}.Release|x86.ActiveCfg = Release|Win32
		{8A1373B8-F2D0-444F-877F-E23FB115365F}.Release|x86.Build.0 = Release|Win32
		{2296F2DB-0EBD-4655-B5BA-DD054A0CC9DD}.Debug|x64.ActiveCfg = Debug|x64
		{2296F2DB-0EBD-4655-B5BA-DD054A0CC9DD}.Debug|x64.Build.0 = Debug|x64
		{2296F2DB-0EBD-4655-B5BA-DD054A0CC9DD}.Debug|x86.ActiveCfg = Debug|Win32
		{2296F2DB-0EBD-4655-B5BA-DD054A0CC9DD}.Debug|x86.Build.0 = Debug|Win32
		{2296F2DB-0EBD-4655-B5BA-DD054A0CC9DD}.Release|x64.ActiveCfg = Release|x64
		{2296F2DB-0EBD-4655-B5BA-DD054A0CC9DD}.Release|x64.Build.0 = Release|x64
		{2296F2DB-0EBD-4655-B5BA-DD054A0CC9DD}.Release|x86.ActiveCfg = Release|Win32
		{2296F2DB-0EBD-4655-B5BA-DD054A0CC9DD}.Release|x86.Build.0 = Release|Win32
		{4B788AE0-861F-4725-8119-FA288ED5F0B0}.Debug|x64.ActiveCfg = Debug|x64
		{4B788AE0-861F-4725-8119-FA288ED5F0B0}.Debug|x64.Build.0 = Debug|x64
		{4B788AE0-861F-4725-8119-FA288ED5F0B0}.Debug|x86.ActiveCfg = Debug|Win32
		{4B788AE0-861F-4725-8119-FA288ED5F0B0}.Debug|x86.Build.0 = Debug|Win32
		{4B788AE0-861F-4725-8119-FA288ED5F0B0}.Release|x64.ActiveCfg = Release|x64
		{4B788AE0-861F-4725-8119-FA288ED5F0B0}.Release|x64.Build.0 = Release|x64
		{4B788AE0-861F-4725-8119-FA288ED5F0B0}.Release|x86.ActiveCfg = Release|Win32
		{4B788AE0-861F-4725-8119-FA288ED5F0B0}.Release|x86.Build.0 = Release|Win32
		{BCAF99F4-1F16-4F8E-B1DD-FE3D834A60AE}.Debug|x64.ActiveCfg = Debug|x64
		{BCAF99F4-1F16-4F8E-B1DD-FE3D834A60AE}.Debug|x64.Build.0 = Debug|x64
		{BCAF99F4-1F16-4F8E-B1DD-FE3D834A60AE}.Debug|x86.ActiveCfg = Debug|Win32
		{BCAF99F4-1F16-4F8E-B1DD-FE3D834A60AE}.Debug|x86.Build.0 = Debug|Win32
		{BCAF99F4-1F16-4F8E-B1DD-FE3D834A60AE}.Release|x64.ActiveCfg = Release|x64
		{BCAF99F4-1F16-4F8E-B1DD-FE3D834A60AE}.Release|x64.Build.0 = Release|x64
		{BCAF99F4-1F16-4F8E-B1DD-FE3D834A60AE}.Release|x86.ActiveCfg = Release|Win32
		{BCAF99F4-1F16-4F8E-B1DD-FE3D834A60AE}.Release|x86.Build.0 = Release|Win32
		{C5824426-450F-48A2-8A5F-3E0CE1F7B261}.Debug|x64.ActiveCfg = Debug|x64
		{C5824426-450F-48A2-8A5F-3E0CE1F7B261}.Debug|x64.Build.0 = Debug|x64
		{C5824426-450F-48A2-8A5F-3E0CE1F7B261}.Debug|x86.ActiveCfg = Debug|Win32
		{C5824426-450F-48A2-8A5F-3E0CE1F7B261}.Debug|x86.Build.0 = Debug|Win32
		{C5824426-450F-48A2-8A5F-3E0CE1F7B261}.Release|x64.ActiveCfg = Release|x64
		{C5824426-450F-48A2-8A5F-3E0CE1F7B261}.Release|x64.Build.0 = Release|x64
		{C5824426-450F-48A2-8A5F-3E0CE1F7B261}.Release|x86.ActiveCfg = Release|Win32
		{C5824426-450F-48A2-8A5F-3E0CE1F7B261}.Release|x86.Build.0 = Release|Win32
		{590E0310-6A21-4FA1-97C3-C3F35619D7D6}.Debug|x64.ActiveCfg = Debug|x64
		{590E0310-6A21-4FA1-97C3-C3F35619D7D6}.Debug|x64.Build.0 = Debug|x64
		{590E0310-6A21-4FA1-97C3-C3F35619D7D6}.Debug|x86.ActiveCfg = Debug|Win32
		{590E0310-6A21-4FA1-97C3-C3F35619D7D6}.Debug|x86.Build.0 = Debug|Win32
		{590E0310-6A21-4FA1-97C3-C3F35619D7D6}.Release|x64.ActiveCfg = Release|x64
		{590E0310-6A21-4FA1-97C3-C3F35619D7D6}.Release|x64.Build.0 = Release|x64
		{590E0310-6A21-4FA1-97C3-C3F35619D7D6}.Release|x86.ActiveCfg = Release|Win32
		{590E0310-6A21-4FA1-97C3-C3F35619D7D6}.Release|x86.Build.0 = Release|Win32
		{299E6D2A-EB47-4A44-9087-3B4018D4AF5F}.Debug|x64.ActiveCfg = Debug|x64
		{299E6D2A-EB47-4A44-9087-3B4018D4AF5F}.Debug|x64.Build.0 = Debug|x64
		{299E6D2A-EB47-4A44-9087-3B4018D4AF5F}.Debug|x86.ActiveCfg = Debug|Win32
		{299E6D2A-EB47-4A44-9087-3B4018D4AF5F}.Debug|x86.Build.0 = Debug|Win32
		{299E6D2A-EB47-4A44-9087-3B4018D4AF5F}.Release|x64.ActiveCfg = Release|x64
		{299E6D2A-EB47-4A44-9087-3B4018D4AF5F}.Release|x64.Build.0 = Release|x64
		{299E6D2A-EB47-4A44-9087-3B4018D4AF5F}.Release|x86.ActiveCfg = Release|Win32
		{299E6D2A-EB47-4A44-9087-3B4018D4AF5F}.Release|x86.Build.0 = Release|Win32
		{33912CE0-6A68-4192-88BC-7667389B34CC}.Debug|x64.ActiveCfg = Debug|x64
		{33912CE0-6A68-4192-88BC-7667389B34CC}.Debug|x64.Build.0 = Debug|x64
		{33912CE0-6A68-4192-88BC-7667389B34CC}.Debug|x86.ActiveCfg = Debug|Win32
		{33912CE0-6A68-4192-88BC-7667389B34CC}.Debug|x86.Build.0 = Debug|Win32
		{33912CE0-6A68-4192-88BC-7667389B34CC}.Release|x64.ActiveCfg = Release|x64
		{33912CE0-6A68-4192-88BC-7667389B34CC}.Release|x64.Build.0 = Release|x64
		{33912CE0-6A68-4192-88BC-7667389B34CC}.Release|x86.ActiveCfg = Release|Win32
		{33912CE0-6A68-4192-88BC-7667389B34CC}.Release|x86.Build.0 = Release|Win32
		{314CF48B-0FE8-450D-919B-AB3967E92057}.Debug|x64.ActiveCfg = Debug|x64
		{314CF48B-0FE8-450D-919B-AB3967E92057}.Debug|x64.Build.0 = Debug|x64
		{314CF48B-0FE8-450D-919B-AB3967E92057}.Debug|x86.ActiveCfg = Debug|Win32
		{314CF48B-0FE8-450D-919B-AB3967E92057}.Debug|x86.Build.0 = Debug|Win32
		{314CF48B-0FE8-450D-919B-AB3967E92057}.Release|x64.ActiveCfg = Release|x64
		{314CF48B-0FE8-450D-919B-AB3967E92057}.Release|x64.Build.0 = Release|x64
		{314CF48B-0FE8-450D-919B-AB3967E92057}.Release|x86.ActiveCfg = Release|Win32
		{314CF48B-0FE8-450D-919B-AB3967E92057}.Release|x86.Build.0 = Release|Win32
		{BF5A3675-34C9-4FEF-9C98-0DC3692F3365}.Debug|x64.ActiveCfg = Debug|x64
		{BF5A3675-34C9-4FEF-9C98-0DC3692F3365}.Debug|x64.Build.0 = Debug|x64
		{BF5A3675-34C9-4FEF-9C98-0DC3692F3365}.Debug|x86.ActiveCfg = Debug|Win32
		{BF5A3675-34C9-4FEF-9C98-0DC3692F3365}.Debug|x86.Build.0 = Debug|Win32
		{BF5A3675-34C9-4FEF-9C98-0DC3692F3365}.Release|x64.ActiveCfg = Release|x64
		{BF5A3675-34C9-4FEF-9C98-0DC3692F3365}.Release|x64.Build.0 = Release|x64
		{BF5A3675-34C9-4FEF-9C98-0DC3692F3365}.Release|x86.ActiveCfg = Release|Win32
		{BF5A3675-34C9-4FEF-9C98-0DC3692F3365}.Release|x86.Build.0 = Release|Win32
		{A60CD6CD-242A-47BC-82D9-9CA406B44405}.Debug|x64.ActiveCfg = Debug|x64
		{A60CD6CD-242A-47BC-82D9-9CA406B44405}.Debug|x64.Build.0 = Debug|x64
		{A60CD6CD-242A-47BC-82D9-9CA406B44405}.Debug|x86.ActiveCfg = Debug|Win32
		{A60CD6CD-242A-47BC-82D9-9CA406B44405}.Debug|x86.Build.0 = Debug|Win32
		{A60CD6CD-242A-47BC-82D9-9CA406B44405}.Release|x64.ActiveCfg = Release|x64
		{A60CD6CD-242A-47BC-82D9-9CA406B44405}.Release|x64.Build.0 = Release|x64
		{A60CD6CD-242A-47BC-82D9-9CA406B44405}.Release|x86.ActiveCfg = Release|Win32
		{A60CD6CD-242A-47BC-82D9-9CA406B44405}.Release|x86.Build.0 = Release|Win32
		{167C75BA-ED9B-463C-98C3-1DC6EAA4EBFC}.Debug|x64.ActiveCfg = Debug|x64
		{167C75BA-ED9B-463C-98C3-1DC6EAA4EBFC}.Debug|x64.Build.0 = Debug|x64
		{167C75BA-ED9B-463C-98C3-1DC6EAA4EBFC}.Debug|x86.ActiveCfg = Debug|Win32
		{167C75BA-ED9B-463C-98C3-1DC6EAA4EBFC}.Debug|x86.Build.0 = Debug|Win32
		{167C75BA-ED9B-463C-98C3-1DC6EAA4EBFC}.Release|x64.ActiveCfg = Release|x64
		{167C75BA-ED9B-463C-98C3-1DC6EAA4EBFC}.Release|x64.Build.0 = Release|x64
		{167C75BA-ED9B-463C-98C3-1DC6EAA4EBFC}.Release|x86.ActiveCfg = Release|Win32
		{167C75BA-ED9B-463C-98C3-1DC6EAA4EBFC}.Release|x86.Build.0 = Release|Win32
		{E4230133-AD40-45E2-BC47-0F4D9F04DC77}.Debug|x64.ActiveCfg = Debug|x64
		{E4230133-AD40-45E2-BC47-0F4D9F04DC77}.Debug|x64.Build.0 = Debug|x64
		{E4230133-AD40-45E2-BC47-0F4D9F04DC77}.Debug|x86.ActiveCfg = Debug|Win32
		{E4230133-AD40-45E2-BC47-0F4D9F04DC77}.Debug|x86.Build.0 = Debug|Win32
		{E4230133-AD40-45E2-BC47-0F4D9F04DC77}.Release|x64.ActiveCfg = Release|x64
		{E4230133-AD40-45E2-BC47-0F4D9F04DC77}.Release|x64.Build.0 = Release|x64
		{E4230133-AD40-45E2-BC47-0F4D9F04DC77}.Release|x86.ActiveCfg = Release|Win32
		{E4230133-AD40-45E2-BC47-0F4D9F04DC77}.Release|x86.Build.0 = Release|Win32
	EndGlobalSection
	GlobalSection(SolutionProperties) = preSolution
		HideSolutionNode = FALSE
	EndGlobalSection
	GlobalSection(ExtensibilityGlobals) = postSolution
		SolutionGuid = {96A225CE-C047-4AFD-868C-FF2E8A53C9C6}
	EndGlobalSection
EndGlobal
