
Microsoft Visual Studio Solution File, Format Version 12.00
# Visual Studio Version 17
VisualStudioVersion = 17.6.33829.357
MinimumVisualStudioVersion = 10.0.40219.1
Project("{8BC9CEB8-8B4A-11D0-8D11-00A0C91BC942}") = "001_print", "001_print\001_print.vcxproj", "{B73BEAD7-88AC-45F6-BAE7-9898CE19059D}"
EndProject
Project("{8BC9CEB8-8B4A-11D0-8D11-00A0C91BC942}") = "007_bmi", "007_bmi\007_bmi.vcxproj", "{4CE267F3-F5B7-4328-8850-0B3044524E01}"
EndProject
Project("{8BC9CEB8-8B4A-11D0-8D11-00A0C91BC942}") = "009_sizeof", "009_sizeof\009_sizeof.vcxproj", "{DF0276BE-5AEA-4DB1-8547-99C9182BFEBE}"
EndProject
Project("{8BC9CEB8-8B4A-11D0-8D11-00A0C91BC942}") = "013_if", "013_if\013_if.vcxproj", "{6EE2ACD6-8B87-45E2-B333-ED1D0B448922}"
EndProject
Project("{8BC9CEB8-8B4A-11D0-8D11-00A0C91BC942}") = "014_switch", "014_switch\014_switch.vcxproj", "{263E6BC1-81CA-4566-A44A-70C7BFA7819A}"
EndProject
Project("{8BC9CEB8-8B4A-11D0-8D11-00A0C91BC942}") = "016_celcius", "016_celcius\016_celcius.vcxproj", "{3F4063AF-333C-4784-9EBE-9F0C9D8C8174}"
EndProject
Project("{8BC9CEB8-8B4A-11D0-8D11-00A0C91BC942}") = "031_array", "031_array\031_array.vcxproj", "{8887B5D9-9DB0-414E-9930-32254992F66A}"
EndProject
Project("{8BC9CEB8-8B4A-11D0-8D11-00A0C91BC942}") = "023_gugu", "023_gugu\023_gugu.vcxproj", "{02579BE4-6BAF-4269-AFE2-E73DD80072F3}"
EndProject
Project("{8BC9CEB8-8B4A-11D0-8D11-00A0C91BC942}") = "024_NumTriangle", "024_NumTriangle\024_NumTriangle.vcxproj", "{9A00B5EA-8188-4387-B44D-B93B67E53FD7}"
EndProject
Project("{8BC9CEB8-8B4A-11D0-8D11-00A0C91BC942}") = "025_divisor", "025_divisor\025_divisor.vcxproj", "{6318BED3-75EC-4538-8827-1E2207C24B1A}"
EndProject
Project("{8BC9CEB8-8B4A-11D0-8D11-00A0C91BC942}") = "026_numTriangle", "026_numTriangle\026_numTriangle.vcxproj", "{B1960B34-86C6-4087-B76F-497A7788B446}"
EndProject
Project("{8BC9CEB8-8B4A-11D0-8D11-00A0C91BC942}") = "032_charArray", "032_charArray\032_charArray.vcxproj", "{A63F0A29-5EFA-4C07-B335-46007C2BBB29}"
EndProject
Project("{8BC9CEB8-8B4A-11D0-8D11-00A0C91BC942}") = "033_concat", "033_concat\033_concat.vcxproj", "{EEF8B20A-F371-4E4F-950F-93AABCE978EC}"
EndProject
Project("{8BC9CEB8-8B4A-11D0-8D11-00A0C91BC942}") = "037_strncat", "037_strncat\037_strncat.vcxproj", "{E3E4114A-E8CD-463A-96C2-FBA37CC72C78}"
EndProject
Project("{8BC9CEB8-8B4A-11D0-8D11-00A0C91BC942}") = "036_largestOfThree", "036_largestOfThree\036_largestOfThree.vcxproj", "{74E82BD1-B8D0-4CCB-821B-588DDB84075F}"
EndProject
Global
	GlobalSection(SolutionConfigurationPlatforms) = preSolution
		Debug|x64 = Debug|x64
		Debug|x86 = Debug|x86
		Release|x64 = Release|x64
		Release|x86 = Release|x86
	EndGlobalSection
	GlobalSection(ProjectConfigurationPlatforms) = postSolution
		{B73BEAD7-88AC-45F6-BAE7-9898CE19059D}.Debug|x64.ActiveCfg = Debug|x64
		{B73BEAD7-88AC-45F6-BAE7-9898CE19059D}.Debug|x64.Build.0 = Debug|x64
		{B73BEAD7-88AC-45F6-BAE7-9898CE19059D}.Debug|x86.ActiveCfg = Debug|Win32
		{B73BEAD7-88AC-45F6-BAE7-9898CE19059D}.Debug|x86.Build.0 = Debug|Win32
		{B73BEAD7-88AC-45F6-BAE7-9898CE19059D}.Release|x64.ActiveCfg = Release|x64
		{B73BEAD7-88AC-45F6-BAE7-9898CE19059D}.Release|x64.Build.0 = Release|x64
		{B73BEAD7-88AC-45F6-BAE7-9898CE19059D}.Release|x86.ActiveCfg = Release|Win32
		{B73BEAD7-88AC-45F6-BAE7-9898CE19059D}.Release|x86.Build.0 = Release|Win32
		{4CE267F3-F5B7-4328-8850-0B3044524E01}.Debug|x64.ActiveCfg = Debug|x64
		{4CE267F3-F5B7-4328-8850-0B3044524E01}.Debug|x64.Build.0 = Debug|x64
		{4CE267F3-F5B7-4328-8850-0B3044524E01}.Debug|x86.ActiveCfg = Debug|Win32
		{4CE267F3-F5B7-4328-8850-0B3044524E01}.Debug|x86.Build.0 = Debug|Win32
		{4CE267F3-F5B7-4328-8850-0B3044524E01}.Release|x64.ActiveCfg = Release|x64
		{4CE267F3-F5B7-4328-8850-0B3044524E01}.Release|x64.Build.0 = Release|x64
		{4CE267F3-F5B7-4328-8850-0B3044524E01}.Release|x86.ActiveCfg = Release|Win32
		{4CE267F3-F5B7-4328-8850-0B3044524E01}.Release|x86.Build.0 = Release|Win32
		{DF0276BE-5AEA-4DB1-8547-99C9182BFEBE}.Debug|x64.ActiveCfg = Debug|x64
		{DF0276BE-5AEA-4DB1-8547-99C9182BFEBE}.Debug|x64.Build.0 = Debug|x64
		{DF0276BE-5AEA-4DB1-8547-99C9182BFEBE}.Debug|x86.ActiveCfg = Debug|Win32
		{DF0276BE-5AEA-4DB1-8547-99C9182BFEBE}.Debug|x86.Build.0 = Debug|Win32
		{DF0276BE-5AEA-4DB1-8547-99C9182BFEBE}.Release|x64.ActiveCfg = Release|x64
		{DF0276BE-5AEA-4DB1-8547-99C9182BFEBE}.Release|x64.Build.0 = Release|x64
		{DF0276BE-5AEA-4DB1-8547-99C9182BFEBE}.Release|x86.ActiveCfg = Release|Win32
		{DF0276BE-5AEA-4DB1-8547-99C9182BFEBE}.Release|x86.Build.0 = Release|Win32
		{6EE2ACD6-8B87-45E2-B333-ED1D0B448922}.Debug|x64.ActiveCfg = Debug|x64
		{6EE2ACD6-8B87-45E2-B333-ED1D0B448922}.Debug|x64.Build.0 = Debug|x64
		{6EE2ACD6-8B87-45E2-B333-ED1D0B448922}.Debug|x86.ActiveCfg = Debug|Win32
		{6EE2ACD6-8B87-45E2-B333-ED1D0B448922}.Debug|x86.Build.0 = Debug|Win32
		{6EE2ACD6-8B87-45E2-B333-ED1D0B448922}.Release|x64.ActiveCfg = Release|x64
		{6EE2ACD6-8B87-45E2-B333-ED1D0B448922}.Release|x64.Build.0 = Release|x64
		{6EE2ACD6-8B87-45E2-B333-ED1D0B448922}.Release|x86.ActiveCfg = Release|Win32
		{6EE2ACD6-8B87-45E2-B333-ED1D0B448922}.Release|x86.Build.0 = Release|Win32
		{263E6BC1-81CA-4566-A44A-70C7BFA7819A}.Debug|x64.ActiveCfg = Debug|x64
		{263E6BC1-81CA-4566-A44A-70C7BFA7819A}.Debug|x64.Build.0 = Debug|x64
		{263E6BC1-81CA-4566-A44A-70C7BFA7819A}.Debug|x86.ActiveCfg = Debug|Win32
		{263E6BC1-81CA-4566-A44A-70C7BFA7819A}.Debug|x86.Build.0 = Debug|Win32
		{263E6BC1-81CA-4566-A44A-70C7BFA7819A}.Release|x64.ActiveCfg = Release|x64
		{263E6BC1-81CA-4566-A44A-70C7BFA7819A}.Release|x64.Build.0 = Release|x64
		{263E6BC1-81CA-4566-A44A-70C7BFA7819A}.Release|x86.ActiveCfg = Release|Win32
		{263E6BC1-81CA-4566-A44A-70C7BFA7819A}.Release|x86.Build.0 = Release|Win32
		{3F4063AF-333C-4784-9EBE-9F0C9D8C8174}.Debug|x64.ActiveCfg = Debug|x64
		{3F4063AF-333C-4784-9EBE-9F0C9D8C8174}.Debug|x64.Build.0 = Debug|x64
		{3F4063AF-333C-4784-9EBE-9F0C9D8C8174}.Debug|x86.ActiveCfg = Debug|Win32
		{3F4063AF-333C-4784-9EBE-9F0C9D8C8174}.Debug|x86.Build.0 = Debug|Win32
		{3F4063AF-333C-4784-9EBE-9F0C9D8C8174}.Release|x64.ActiveCfg = Release|x64
		{3F4063AF-333C-4784-9EBE-9F0C9D8C8174}.Release|x64.Build.0 = Release|x64
		{3F4063AF-333C-4784-9EBE-9F0C9D8C8174}.Release|x86.ActiveCfg = Release|Win32
		{3F4063AF-333C-4784-9EBE-9F0C9D8C8174}.Release|x86.Build.0 = Release|Win32
		{8887B5D9-9DB0-414E-9930-32254992F66A}.Debug|x64.ActiveCfg = Debug|x64
		{8887B5D9-9DB0-414E-9930-32254992F66A}.Debug|x64.Build.0 = Debug|x64
		{8887B5D9-9DB0-414E-9930-32254992F66A}.Debug|x86.ActiveCfg = Debug|Win32
		{8887B5D9-9DB0-414E-9930-32254992F66A}.Debug|x86.Build.0 = Debug|Win32
		{8887B5D9-9DB0-414E-9930-32254992F66A}.Release|x64.ActiveCfg = Release|x64
		{8887B5D9-9DB0-414E-9930-32254992F66A}.Release|x64.Build.0 = Release|x64
		{8887B5D9-9DB0-414E-9930-32254992F66A}.Release|x86.ActiveCfg = Release|Win32
		{8887B5D9-9DB0-414E-9930-32254992F66A}.Release|x86.Build.0 = Release|Win32
		{02579BE4-6BAF-4269-AFE2-E73DD80072F3}.Debug|x64.ActiveCfg = Debug|x64
		{02579BE4-6BAF-4269-AFE2-E73DD80072F3}.Debug|x64.Build.0 = Debug|x64
		{02579BE4-6BAF-4269-AFE2-E73DD80072F3}.Debug|x86.ActiveCfg = Debug|Win32
		{02579BE4-6BAF-4269-AFE2-E73DD80072F3}.Debug|x86.Build.0 = Debug|Win32
		{02579BE4-6BAF-4269-AFE2-E73DD80072F3}.Release|x64.ActiveCfg = Release|x64
		{02579BE4-6BAF-4269-AFE2-E73DD80072F3}.Release|x64.Build.0 = Release|x64
		{02579BE4-6BAF-4269-AFE2-E73DD80072F3}.Release|x86.ActiveCfg = Release|Win32
		{02579BE4-6BAF-4269-AFE2-E73DD80072F3}.Release|x86.Build.0 = Release|Win32
		{9A00B5EA-8188-4387-B44D-B93B67E53FD7}.Debug|x64.ActiveCfg = Debug|x64
		{9A00B5EA-8188-4387-B44D-B93B67E53FD7}.Debug|x64.Build.0 = Debug|x64
		{9A00B5EA-8188-4387-B44D-B93B67E53FD7}.Debug|x86.ActiveCfg = Debug|Win32
		{9A00B5EA-8188-4387-B44D-B93B67E53FD7}.Debug|x86.Build.0 = Debug|Win32
		{9A00B5EA-8188-4387-B44D-B93B67E53FD7}.Release|x64.ActiveCfg = Release|x64
		{9A00B5EA-8188-4387-B44D-B93B67E53FD7}.Release|x64.Build.0 = Release|x64
		{9A00B5EA-8188-4387-B44D-B93B67E53FD7}.Release|x86.ActiveCfg = Release|Win32
		{9A00B5EA-8188-4387-B44D-B93B67E53FD7}.Release|x86.Build.0 = Release|Win32
		{6318BED3-75EC-4538-8827-1E2207C24B1A}.Debug|x64.ActiveCfg = Debug|x64
		{6318BED3-75EC-4538-8827-1E2207C24B1A}.Debug|x64.Build.0 = Debug|x64
		{6318BED3-75EC-4538-8827-1E2207C24B1A}.Debug|x86.ActiveCfg = Debug|Win32
		{6318BED3-75EC-4538-8827-1E2207C24B1A}.Debug|x86.Build.0 = Debug|Win32
		{6318BED3-75EC-4538-8827-1E2207C24B1A}.Release|x64.ActiveCfg = Release|x64
		{6318BED3-75EC-4538-8827-1E2207C24B1A}.Release|x64.Build.0 = Release|x64
		{6318BED3-75EC-4538-8827-1E2207C24B1A}.Release|x86.ActiveCfg = Release|Win32
		{6318BED3-75EC-4538-8827-1E2207C24B1A}.Release|x86.Build.0 = Release|Win32
		{B1960B34-86C6-4087-B76F-497A7788B446}.Debug|x64.ActiveCfg = Debug|x64
		{B1960B34-86C6-4087-B76F-497A7788B446}.Debug|x64.Build.0 = Debug|x64
		{B1960B34-86C6-4087-B76F-497A7788B446}.Debug|x86.ActiveCfg = Debug|Win32
		{B1960B34-86C6-4087-B76F-497A7788B446}.Debug|x86.Build.0 = Debug|Win32
		{B1960B34-86C6-4087-B76F-497A7788B446}.Release|x64.ActiveCfg = Release|x64
		{B1960B34-86C6-4087-B76F-497A7788B446}.Release|x64.Build.0 = Release|x64
		{B1960B34-86C6-4087-B76F-497A7788B446}.Release|x86.ActiveCfg = Release|Win32
		{B1960B34-86C6-4087-B76F-497A7788B446}.Release|x86.Build.0 = Release|Win32
		{A63F0A29-5EFA-4C07-B335-46007C2BBB29}.Debug|x64.ActiveCfg = Debug|x64
		{A63F0A29-5EFA-4C07-B335-46007C2BBB29}.Debug|x64.Build.0 = Debug|x64
		{A63F0A29-5EFA-4C07-B335-46007C2BBB29}.Debug|x86.ActiveCfg = Debug|Win32
		{A63F0A29-5EFA-4C07-B335-46007C2BBB29}.Debug|x86.Build.0 = Debug|Win32
		{A63F0A29-5EFA-4C07-B335-46007C2BBB29}.Release|x64.ActiveCfg = Release|x64
		{A63F0A29-5EFA-4C07-B335-46007C2BBB29}.Release|x64.Build.0 = Release|x64
		{A63F0A29-5EFA-4C07-B335-46007C2BBB29}.Release|x86.ActiveCfg = Release|Win32
		{A63F0A29-5EFA-4C07-B335-46007C2BBB29}.Release|x86.Build.0 = Release|Win32
		{EEF8B20A-F371-4E4F-950F-93AABCE978EC}.Debug|x64.ActiveCfg = Debug|x64
		{EEF8B20A-F371-4E4F-950F-93AABCE978EC}.Debug|x64.Build.0 = Debug|x64
		{EEF8B20A-F371-4E4F-950F-93AABCE978EC}.Debug|x86.ActiveCfg = Debug|Win32
		{EEF8B20A-F371-4E4F-950F-93AABCE978EC}.Debug|x86.Build.0 = Debug|Win32
		{EEF8B20A-F371-4E4F-950F-93AABCE978EC}.Release|x64.ActiveCfg = Release|x64
		{EEF8B20A-F371-4E4F-950F-93AABCE978EC}.Release|x64.Build.0 = Release|x64
		{EEF8B20A-F371-4E4F-950F-93AABCE978EC}.Release|x86.ActiveCfg = Release|Win32
		{EEF8B20A-F371-4E4F-950F-93AABCE978EC}.Release|x86.Build.0 = Release|Win32
		{E3E4114A-E8CD-463A-96C2-FBA37CC72C78}.Debug|x64.ActiveCfg = Debug|x64
		{E3E4114A-E8CD-463A-96C2-FBA37CC72C78}.Debug|x64.Build.0 = Debug|x64
		{E3E4114A-E8CD-463A-96C2-FBA37CC72C78}.Debug|x86.ActiveCfg = Debug|Win32
		{E3E4114A-E8CD-463A-96C2-FBA37CC72C78}.Debug|x86.Build.0 = Debug|Win32
		{E3E4114A-E8CD-463A-96C2-FBA37CC72C78}.Release|x64.ActiveCfg = Release|x64
		{E3E4114A-E8CD-463A-96C2-FBA37CC72C78}.Release|x64.Build.0 = Release|x64
		{E3E4114A-E8CD-463A-96C2-FBA37CC72C78}.Release|x86.ActiveCfg = Release|Win32
		{E3E4114A-E8CD-463A-96C2-FBA37CC72C78}.Release|x86.Build.0 = Release|Win32
		{74E82BD1-B8D0-4CCB-821B-588DDB84075F}.Debug|x64.ActiveCfg = Debug|x64
		{74E82BD1-B8D0-4CCB-821B-588DDB84075F}.Debug|x64.Build.0 = Debug|x64
		{74E82BD1-B8D0-4CCB-821B-588DDB84075F}.Debug|x86.ActiveCfg = Debug|Win32
		{74E82BD1-B8D0-4CCB-821B-588DDB84075F}.Debug|x86.Build.0 = Debug|Win32
		{74E82BD1-B8D0-4CCB-821B-588DDB84075F}.Release|x64.ActiveCfg = Release|x64
		{74E82BD1-B8D0-4CCB-821B-588DDB84075F}.Release|x64.Build.0 = Release|x64
		{74E82BD1-B8D0-4CCB-821B-588DDB84075F}.Release|x86.ActiveCfg = Release|Win32
		{74E82BD1-B8D0-4CCB-821B-588DDB84075F}.Release|x86.Build.0 = Release|Win32
	EndGlobalSection
	GlobalSection(SolutionProperties) = preSolution
		HideSolutionNode = FALSE
	EndGlobalSection
	GlobalSection(ExtensibilityGlobals) = postSolution
		SolutionGuid = {96A225CE-C047-4AFD-868C-FF2E8A53C9C6}
	EndGlobalSection
EndGlobal
