
Microsoft Visual Studio Solution File, Format Version 12.00
# Visual Studio Version 17
VisualStudioVersion = 17.6.33829.357
MinimumVisualStudioVersion = 10.0.40219.1
Project("{8BC9CEB8-8B4A-11D0-8D11-00A0C91BC942}") = "001_evenNumber", "001_evenNumber\001_evenNumber.vcxproj", "{7D318224-FA0B-4860-85C6-55791132816D}"
EndProject
Project("{8BC9CEB8-8B4A-11D0-8D11-00A0C91BC942}") = "002_plusMinus", "002_plusMinus\002_plusMinus.vcxproj", "{8F73CD8F-96D5-486C-A48B-376AF701DEA8}"
EndProject
Project("{8BC9CEB8-8B4A-11D0-8D11-00A0C91BC942}") = "003_sort3Numbers", "003_sort3Numbers\003_sort3Numbers.vcxproj", "{4789F6C2-113B-4F43-8C7F-43EAD9EA8188}"
EndProject
Project("{8BC9CEB8-8B4A-11D0-8D11-00A0C91BC942}") = "004_switch", "004_switch\004_switch.vcxproj", "{97EA15ED-377B-4F0F-929F-49AA323566FB}"
EndProject
Project("{8BC9CEB8-8B4A-11D0-8D11-00A0C91BC942}") = "005_while", "005_while\005_while.vcxproj", "{CEE5BB88-CC84-43BC-AD3D-BA80757E84CC}"
EndProject
Project("{8BC9CEB8-8B4A-11D0-8D11-00A0C91BC942}") = "006_do_while", "006_do_while\006_do_while.vcxproj", "{0983FCD0-EA3F-4972-ADFA-E79A8EDECA56}"
EndProject
Project("{8BC9CEB8-8B4A-11D0-8D11-00A0C91BC942}") = "007_while_ex", "007_while_ex\007_while_ex.vcxproj", "{0BD60CA4-0D8A-4B89-8606-60A37C4322A3}"
EndProject
Project("{8BC9CEB8-8B4A-11D0-8D11-00A0C91BC942}") = "008_oddNumber", "008_oddNumber\008_oddNumber.vcxproj", "{AD05F224-411D-4CE2-A39A-8495826AC4C5}"
EndProject
Project("{8BC9CEB8-8B4A-11D0-8D11-00A0C91BC942}") = "009_sum", "009_sum\009_sum.vcxproj", "{4970436F-24F9-42E4-B838-838687B70E10}"
EndProject
Project("{8BC9CEB8-8B4A-11D0-8D11-00A0C91BC942}") = "010_for", "010_for\010_for.vcxproj", "{36BDEB35-4896-41EF-A6DA-8FF2EDFF5C81}"
EndProject
Project("{8BC9CEB8-8B4A-11D0-8D11-00A0C91BC942}") = "011_power", "011_power\011_power.vcxproj", "{68B8D237-D98C-4542-8B18-AE09DB01BA2C}"
EndProject
Project("{8BC9CEB8-8B4A-11D0-8D11-00A0C91BC942}") = "012_factorial", "012_factorial\012_factorial.vcxproj", "{7B555224-005B-4131-AA5B-D6E753842C72}"
EndProject
Project("{8BC9CEB8-8B4A-11D0-8D11-00A0C91BC942}") = "013_multiplesOfThree", "013_multiplesOfThree\013_multiplesOfThree.vcxproj", "{4EE04599-AA59-4F43-A266-A8D5484CD516}"
EndProject
Project("{8BC9CEB8-8B4A-11D0-8D11-00A0C91BC942}") = "014_loopEx", "014_loopEx\014_loopEx.vcxproj", "{153EA6C7-5FDC-4806-BCF1-68695F16BA12}"
EndProject
Project("{8BC9CEB8-8B4A-11D0-8D11-00A0C91BC942}") = "015_nestedLoop", "015_nestedLoop\015_nestedLoop.vcxproj", "{A9CB53C3-0FD0-408B-A96C-DDD11D2CB166}"
EndProject
Project("{8BC9CEB8-8B4A-11D0-8D11-00A0C91BC942}") = "016_pyramid", "016_pyramid\016_pyramid.vcxproj", "{F93BD723-DC06-4986-95FC-5B3C1DC4E876}"
EndProject
Project("{8BC9CEB8-8B4A-11D0-8D11-00A0C91BC942}") = "017_gugudan", "017_gugudan\017_gugudan.vcxproj", "{9484EAEE-F2DF-422A-9155-71EFF4C49496}"
EndProject
Global
	GlobalSection(SolutionConfigurationPlatforms) = preSolution
		Debug|x64 = Debug|x64
		Debug|x86 = Debug|x86
		Release|x64 = Release|x64
		Release|x86 = Release|x86
	EndGlobalSection
	GlobalSection(ProjectConfigurationPlatforms) = postSolution
		{7D318224-FA0B-4860-85C6-55791132816D}.Debug|x64.ActiveCfg = Debug|x64
		{7D318224-FA0B-4860-85C6-55791132816D}.Debug|x64.Build.0 = Debug|x64
		{7D318224-FA0B-4860-85C6-55791132816D}.Debug|x86.ActiveCfg = Debug|Win32
		{7D318224-FA0B-4860-85C6-55791132816D}.Debug|x86.Build.0 = Debug|Win32
		{7D318224-FA0B-4860-85C6-55791132816D}.Release|x64.ActiveCfg = Release|x64
		{7D318224-FA0B-4860-85C6-55791132816D}.Release|x64.Build.0 = Release|x64
		{7D318224-FA0B-4860-85C6-55791132816D}.Release|x86.ActiveCfg = Release|Win32
		{7D318224-FA0B-4860-85C6-55791132816D}.Release|x86.Build.0 = Release|Win32
		{8F73CD8F-96D5-486C-A48B-376AF701DEA8}.Debug|x64.ActiveCfg = Debug|x64
		{8F73CD8F-96D5-486C-A48B-376AF701DEA8}.Debug|x64.Build.0 = Debug|x64
		{8F73CD8F-96D5-486C-A48B-376AF701DEA8}.Debug|x86.ActiveCfg = Debug|Win32
		{8F73CD8F-96D5-486C-A48B-376AF701DEA8}.Debug|x86.Build.0 = Debug|Win32
		{8F73CD8F-96D5-486C-A48B-376AF701DEA8}.Release|x64.ActiveCfg = Release|x64
		{8F73CD8F-96D5-486C-A48B-376AF701DEA8}.Release|x64.Build.0 = Release|x64
		{8F73CD8F-96D5-486C-A48B-376AF701DEA8}.Release|x86.ActiveCfg = Release|Win32
		{8F73CD8F-96D5-486C-A48B-376AF701DEA8}.Release|x86.Build.0 = Release|Win32
		{4789F6C2-113B-4F43-8C7F-43EAD9EA8188}.Debug|x64.ActiveCfg = Debug|x64
		{4789F6C2-113B-4F43-8C7F-43EAD9EA8188}.Debug|x64.Build.0 = Debug|x64
		{4789F6C2-113B-4F43-8C7F-43EAD9EA8188}.Debug|x86.ActiveCfg = Debug|Win32
		{4789F6C2-113B-4F43-8C7F-43EAD9EA8188}.Debug|x86.Build.0 = Debug|Win32
		{4789F6C2-113B-4F43-8C7F-43EAD9EA8188}.Release|x64.ActiveCfg = Release|x64
		{4789F6C2-113B-4F43-8C7F-43EAD9EA8188}.Release|x64.Build.0 = Release|x64
		{4789F6C2-113B-4F43-8C7F-43EAD9EA8188}.Release|x86.ActiveCfg = Release|Win32
		{4789F6C2-113B-4F43-8C7F-43EAD9EA8188}.Release|x86.Build.0 = Release|Win32
		{97EA15ED-377B-4F0F-929F-49AA323566FB}.Debug|x64.ActiveCfg = Debug|x64
		{97EA15ED-377B-4F0F-929F-49AA323566FB}.Debug|x64.Build.0 = Debug|x64
		{97EA15ED-377B-4F0F-929F-49AA323566FB}.Debug|x86.ActiveCfg = Debug|Win32
		{97EA15ED-377B-4F0F-929F-49AA323566FB}.Debug|x86.Build.0 = Debug|Win32
		{97EA15ED-377B-4F0F-929F-49AA323566FB}.Release|x64.ActiveCfg = Release|x64
		{97EA15ED-377B-4F0F-929F-49AA323566FB}.Release|x64.Build.0 = Release|x64
		{97EA15ED-377B-4F0F-929F-49AA323566FB}.Release|x86.ActiveCfg = Release|Win32
		{97EA15ED-377B-4F0F-929F-49AA323566FB}.Release|x86.Build.0 = Release|Win32
		{CEE5BB88-CC84-43BC-AD3D-BA80757E84CC}.Debug|x64.ActiveCfg = Debug|x64
		{CEE5BB88-CC84-43BC-AD3D-BA80757E84CC}.Debug|x64.Build.0 = Debug|x64
		{CEE5BB88-CC84-43BC-AD3D-BA80757E84CC}.Debug|x86.ActiveCfg = Debug|Win32
		{CEE5BB88-CC84-43BC-AD3D-BA80757E84CC}.Debug|x86.Build.0 = Debug|Win32
		{CEE5BB88-CC84-43BC-AD3D-BA80757E84CC}.Release|x64.ActiveCfg = Release|x64
		{CEE5BB88-CC84-43BC-AD3D-BA80757E84CC}.Release|x64.Build.0 = Release|x64
		{CEE5BB88-CC84-43BC-AD3D-BA80757E84CC}.Release|x86.ActiveCfg = Release|Win32
		{CEE5BB88-CC84-43BC-AD3D-BA80757E84CC}.Release|x86.Build.0 = Release|Win32
		{0983FCD0-EA3F-4972-ADFA-E79A8EDECA56}.Debug|x64.ActiveCfg = Debug|x64
		{0983FCD0-EA3F-4972-ADFA-E79A8EDECA56}.Debug|x64.Build.0 = Debug|x64
		{0983FCD0-EA3F-4972-ADFA-E79A8EDECA56}.Debug|x86.ActiveCfg = Debug|Win32
		{0983FCD0-EA3F-4972-ADFA-E79A8EDECA56}.Debug|x86.Build.0 = Debug|Win32
		{0983FCD0-EA3F-4972-ADFA-E79A8EDECA56}.Release|x64.ActiveCfg = Release|x64
		{0983FCD0-EA3F-4972-ADFA-E79A8EDECA56}.Release|x64.Build.0 = Release|x64
		{0983FCD0-EA3F-4972-ADFA-E79A8EDECA56}.Release|x86.ActiveCfg = Release|Win32
		{0983FCD0-EA3F-4972-ADFA-E79A8EDECA56}.Release|x86.Build.0 = Release|Win32
		{0BD60CA4-0D8A-4B89-8606-60A37C4322A3}.Debug|x64.ActiveCfg = Debug|x64
		{0BD60CA4-0D8A-4B89-8606-60A37C4322A3}.Debug|x64.Build.0 = Debug|x64
		{0BD60CA4-0D8A-4B89-8606-60A37C4322A3}.Debug|x86.ActiveCfg = Debug|Win32
		{0BD60CA4-0D8A-4B89-8606-60A37C4322A3}.Debug|x86.Build.0 = Debug|Win32
		{0BD60CA4-0D8A-4B89-8606-60A37C4322A3}.Release|x64.ActiveCfg = Release|x64
		{0BD60CA4-0D8A-4B89-8606-60A37C4322A3}.Release|x64.Build.0 = Release|x64
		{0BD60CA4-0D8A-4B89-8606-60A37C4322A3}.Release|x86.ActiveCfg = Release|Win32
		{0BD60CA4-0D8A-4B89-8606-60A37C4322A3}.Release|x86.Build.0 = Release|Win32
		{AD05F224-411D-4CE2-A39A-8495826AC4C5}.Debug|x64.ActiveCfg = Debug|x64
		{AD05F224-411D-4CE2-A39A-8495826AC4C5}.Debug|x64.Build.0 = Debug|x64
		{AD05F224-411D-4CE2-A39A-8495826AC4C5}.Debug|x86.ActiveCfg = Debug|Win32
		{AD05F224-411D-4CE2-A39A-8495826AC4C5}.Debug|x86.Build.0 = Debug|Win32
		{AD05F224-411D-4CE2-A39A-8495826AC4C5}.Release|x64.ActiveCfg = Release|x64
		{AD05F224-411D-4CE2-A39A-8495826AC4C5}.Release|x64.Build.0 = Release|x64
		{AD05F224-411D-4CE2-A39A-8495826AC4C5}.Release|x86.ActiveCfg = Release|Win32
		{AD05F224-411D-4CE2-A39A-8495826AC4C5}.Release|x86.Build.0 = Release|Win32
		{4970436F-24F9-42E4-B838-838687B70E10}.Debug|x64.ActiveCfg = Debug|x64
		{4970436F-24F9-42E4-B838-838687B70E10}.Debug|x64.Build.0 = Debug|x64
		{4970436F-24F9-42E4-B838-838687B70E10}.Debug|x86.ActiveCfg = Debug|Win32
		{4970436F-24F9-42E4-B838-838687B70E10}.Debug|x86.Build.0 = Debug|Win32
		{4970436F-24F9-42E4-B838-838687B70E10}.Release|x64.ActiveCfg = Release|x64
		{4970436F-24F9-42E4-B838-838687B70E10}.Release|x64.Build.0 = Release|x64
		{4970436F-24F9-42E4-B838-838687B70E10}.Release|x86.ActiveCfg = Release|Win32
		{4970436F-24F9-42E4-B838-838687B70E10}.Release|x86.Build.0 = Release|Win32
		{36BDEB35-4896-41EF-A6DA-8FF2EDFF5C81}.Debug|x64.ActiveCfg = Debug|x64
		{36BDEB35-4896-41EF-A6DA-8FF2EDFF5C81}.Debug|x64.Build.0 = Debug|x64
		{36BDEB35-4896-41EF-A6DA-8FF2EDFF5C81}.Debug|x86.ActiveCfg = Debug|Win32
		{36BDEB35-4896-41EF-A6DA-8FF2EDFF5C81}.Debug|x86.Build.0 = Debug|Win32
		{36BDEB35-4896-41EF-A6DA-8FF2EDFF5C81}.Release|x64.ActiveCfg = Release|x64
		{36BDEB35-4896-41EF-A6DA-8FF2EDFF5C81}.Release|x64.Build.0 = Release|x64
		{36BDEB35-4896-41EF-A6DA-8FF2EDFF5C81}.Release|x86.ActiveCfg = Release|Win32
		{36BDEB35-4896-41EF-A6DA-8FF2EDFF5C81}.Release|x86.Build.0 = Release|Win32
		{68B8D237-D98C-4542-8B18-AE09DB01BA2C}.Debug|x64.ActiveCfg = Debug|x64
		{68B8D237-D98C-4542-8B18-AE09DB01BA2C}.Debug|x64.Build.0 = Debug|x64
		{68B8D237-D98C-4542-8B18-AE09DB01BA2C}.Debug|x86.ActiveCfg = Debug|Win32
		{68B8D237-D98C-4542-8B18-AE09DB01BA2C}.Debug|x86.Build.0 = Debug|Win32
		{68B8D237-D98C-4542-8B18-AE09DB01BA2C}.Release|x64.ActiveCfg = Release|x64
		{68B8D237-D98C-4542-8B18-AE09DB01BA2C}.Release|x64.Build.0 = Release|x64
		{68B8D237-D98C-4542-8B18-AE09DB01BA2C}.Release|x86.ActiveCfg = Release|Win32
		{68B8D237-D98C-4542-8B18-AE09DB01BA2C}.Release|x86.Build.0 = Release|Win32
		{7B555224-005B-4131-AA5B-D6E753842C72}.Debug|x64.ActiveCfg = Debug|x64
		{7B555224-005B-4131-AA5B-D6E753842C72}.Debug|x64.Build.0 = Debug|x64
		{7B555224-005B-4131-AA5B-D6E753842C72}.Debug|x86.ActiveCfg = Debug|Win32
		{7B555224-005B-4131-AA5B-D6E753842C72}.Debug|x86.Build.0 = Debug|Win32
		{7B555224-005B-4131-AA5B-D6E753842C72}.Release|x64.ActiveCfg = Release|x64
		{7B555224-005B-4131-AA5B-D6E753842C72}.Release|x64.Build.0 = Release|x64
		{7B555224-005B-4131-AA5B-D6E753842C72}.Release|x86.ActiveCfg = Release|Win32
		{7B555224-005B-4131-AA5B-D6E753842C72}.Release|x86.Build.0 = Release|Win32
		{4EE04599-AA59-4F43-A266-A8D5484CD516}.Debug|x64.ActiveCfg = Debug|x64
		{4EE04599-AA59-4F43-A266-A8D5484CD516}.Debug|x64.Build.0 = Debug|x64
		{4EE04599-AA59-4F43-A266-A8D5484CD516}.Debug|x86.ActiveCfg = Debug|Win32
		{4EE04599-AA59-4F43-A266-A8D5484CD516}.Debug|x86.Build.0 = Debug|Win32
		{4EE04599-AA59-4F43-A266-A8D5484CD516}.Release|x64.ActiveCfg = Release|x64
		{4EE04599-AA59-4F43-A266-A8D5484CD516}.Release|x64.Build.0 = Release|x64
		{4EE04599-AA59-4F43-A266-A8D5484CD516}.Release|x86.ActiveCfg = Release|Win32
		{4EE04599-AA59-4F43-A266-A8D5484CD516}.Release|x86.Build.0 = Release|Win32
		{153EA6C7-5FDC-4806-BCF1-68695F16BA12}.Debug|x64.ActiveCfg = Debug|x64
		{153EA6C7-5FDC-4806-BCF1-68695F16BA12}.Debug|x64.Build.0 = Debug|x64
		{153EA6C7-5FDC-4806-BCF1-68695F16BA12}.Debug|x86.ActiveCfg = Debug|Win32
		{153EA6C7-5FDC-4806-BCF1-68695F16BA12}.Debug|x86.Build.0 = Debug|Win32
		{153EA6C7-5FDC-4806-BCF1-68695F16BA12}.Release|x64.ActiveCfg = Release|x64
		{153EA6C7-5FDC-4806-BCF1-68695F16BA12}.Release|x64.Build.0 = Release|x64
		{153EA6C7-5FDC-4806-BCF1-68695F16BA12}.Release|x86.ActiveCfg = Release|Win32
		{153EA6C7-5FDC-4806-BCF1-68695F16BA12}.Release|x86.Build.0 = Release|Win32
		{A9CB53C3-0FD0-408B-A96C-DDD11D2CB166}.Debug|x64.ActiveCfg = Debug|x64
		{A9CB53C3-0FD0-408B-A96C-DDD11D2CB166}.Debug|x64.Build.0 = Debug|x64
		{A9CB53C3-0FD0-408B-A96C-DDD11D2CB166}.Debug|x86.ActiveCfg = Debug|Win32
		{A9CB53C3-0FD0-408B-A96C-DDD11D2CB166}.Debug|x86.Build.0 = Debug|Win32
		{A9CB53C3-0FD0-408B-A96C-DDD11D2CB166}.Release|x64.ActiveCfg = Release|x64
		{A9CB53C3-0FD0-408B-A96C-DDD11D2CB166}.Release|x64.Build.0 = Release|x64
		{A9CB53C3-0FD0-408B-A96C-DDD11D2CB166}.Release|x86.ActiveCfg = Release|Win32
		{A9CB53C3-0FD0-408B-A96C-DDD11D2CB166}.Release|x86.Build.0 = Release|Win32
		{F93BD723-DC06-4986-95FC-5B3C1DC4E876}.Debug|x64.ActiveCfg = Debug|x64
		{F93BD723-DC06-4986-95FC-5B3C1DC4E876}.Debug|x64.Build.0 = Debug|x64
		{F93BD723-DC06-4986-95FC-5B3C1DC4E876}.Debug|x86.ActiveCfg = Debug|Win32
		{F93BD723-DC06-4986-95FC-5B3C1DC4E876}.Debug|x86.Build.0 = Debug|Win32
		{F93BD723-DC06-4986-95FC-5B3C1DC4E876}.Release|x64.ActiveCfg = Release|x64
		{F93BD723-DC06-4986-95FC-5B3C1DC4E876}.Release|x64.Build.0 = Release|x64
		{F93BD723-DC06-4986-95FC-5B3C1DC4E876}.Release|x86.ActiveCfg = Release|Win32
		{F93BD723-DC06-4986-95FC-5B3C1DC4E876}.Release|x86.Build.0 = Release|Win32
		{9484EAEE-F2DF-422A-9155-71EFF4C49496}.Debug|x64.ActiveCfg = Debug|x64
		{9484EAEE-F2DF-422A-9155-71EFF4C49496}.Debug|x64.Build.0 = Debug|x64
		{9484EAEE-F2DF-422A-9155-71EFF4C49496}.Debug|x86.ActiveCfg = Debug|Win32
		{9484EAEE-F2DF-422A-9155-71EFF4C49496}.Debug|x86.Build.0 = Debug|Win32
		{9484EAEE-F2DF-422A-9155-71EFF4C49496}.Release|x64.ActiveCfg = Release|x64
		{9484EAEE-F2DF-422A-9155-71EFF4C49496}.Release|x64.Build.0 = Release|x64
		{9484EAEE-F2DF-422A-9155-71EFF4C49496}.Release|x86.ActiveCfg = Release|Win32
		{9484EAEE-F2DF-422A-9155-71EFF4C49496}.Release|x86.Build.0 = Release|Win32
	EndGlobalSection
	GlobalSection(SolutionProperties) = preSolution
		HideSolutionNode = FALSE
	EndGlobalSection
	GlobalSection(ExtensibilityGlobals) = postSolution
		SolutionGuid = {E60CB65E-66F3-4EBC-A7C4-FE4FEC5959F9}
	EndGlobalSection
EndGlobal
