
Microsoft Visual Studio Solution File, Format Version 12.00
# Visual Studio Version 17
VisualStudioVersion = 17.6.33829.357
MinimumVisualStudioVersion = 10.0.40219.1
Project("{8BC9CEB8-8B4A-11D0-8D11-00A0C91BC942}") = "01_template", "01_template\01_template.vcxproj", "{66355E37-2A61-4AB9-B8A8-2681C8CF80E7}"
EndProject
Project("{8BC9CEB8-8B4A-11D0-8D11-00A0C91BC942}") = "02_classTemplate", "02_classTemplate\02_classTemplate.vcxproj", "{612D10DE-F562-4605-B919-9D16F29C7E5F}"
EndProject
Project("{8BC9CEB8-8B4A-11D0-8D11-00A0C91BC942}") = "03_tryCatch", "03_tryCatch\03_tryCatch.vcxproj", "{E1F5396E-3A66-4D17-AD21-703FF0D27A29}"
EndProject
Project("{8BC9CEB8-8B4A-11D0-8D11-00A0C91BC942}") = "04_auto", "04_auto\04_auto.vcxproj", "{AFEC2B8A-9754-4A93-8551-3946F00F9F80}"
EndProject
Project("{8BC9CEB8-8B4A-11D0-8D11-00A0C91BC942}") = "05_functionPointer", "05_functionPointer\05_functionPointer.vcxproj", "{A247B6A0-8F90-4283-837F-3BCB2E33CA5D}"
EndProject
Project("{8BC9CEB8-8B4A-11D0-8D11-00A0C91BC942}") = "06_minFunctionPointer", "06_minFunctionPointer\06_minFunctionPointer.vcxproj", "{F0947CC2-FCC4-451C-867C-2F8ECF19439C}"
EndProject
Project("{8BC9CEB8-8B4A-11D0-8D11-00A0C91BC942}") = "07_lambda", "07_lambda\07_lambda.vcxproj", "{BEBBA8B1-E779-4AFA-ABD9-000060786857}"
EndProject
Project("{8BC9CEB8-8B4A-11D0-8D11-00A0C91BC942}") = "08_functionObject", "08_functionObject\08_functionObject.vcxproj", "{75BF1549-B7CE-429E-AB8C-DD8C1A0A1C13}"
EndProject
Project("{8BC9CEB8-8B4A-11D0-8D11-00A0C91BC942}") = "09_minFunctionObject", "09_minFunctionObject\09_minFunctionObject.vcxproj", "{677CFAB5-8B2F-4C36-BA25-C7DA7DC72AD6}"
EndProject
Global
	GlobalSection(SolutionConfigurationPlatforms) = preSolution
		Debug|x64 = Debug|x64
		Debug|x86 = Debug|x86
		Release|x64 = Release|x64
		Release|x86 = Release|x86
	EndGlobalSection
	GlobalSection(ProjectConfigurationPlatforms) = postSolution
		{66355E37-2A61-4AB9-B8A8-2681C8CF80E7}.Debug|x64.ActiveCfg = Debug|x64
		{66355E37-2A61-4AB9-B8A8-2681C8CF80E7}.Debug|x64.Build.0 = Debug|x64
		{66355E37-2A61-4AB9-B8A8-2681C8CF80E7}.Debug|x86.ActiveCfg = Debug|Win32
		{66355E37-2A61-4AB9-B8A8-2681C8CF80E7}.Debug|x86.Build.0 = Debug|Win32
		{66355E37-2A61-4AB9-B8A8-2681C8CF80E7}.Release|x64.ActiveCfg = Release|x64
		{66355E37-2A61-4AB9-B8A8-2681C8CF80E7}.Release|x64.Build.0 = Release|x64
		{66355E37-2A61-4AB9-B8A8-2681C8CF80E7}.Release|x86.ActiveCfg = Release|Win32
		{66355E37-2A61-4AB9-B8A8-2681C8CF80E7}.Release|x86.Build.0 = Release|Win32
		{612D10DE-F562-4605-B919-9D16F29C7E5F}.Debug|x64.ActiveCfg = Debug|x64
		{612D10DE-F562-4605-B919-9D16F29C7E5F}.Debug|x64.Build.0 = Debug|x64
		{612D10DE-F562-4605-B919-9D16F29C7E5F}.Debug|x86.ActiveCfg = Debug|Win32
		{612D10DE-F562-4605-B919-9D16F29C7E5F}.Debug|x86.Build.0 = Debug|Win32
		{612D10DE-F562-4605-B919-9D16F29C7E5F}.Release|x64.ActiveCfg = Release|x64
		{612D10DE-F562-4605-B919-9D16F29C7E5F}.Release|x64.Build.0 = Release|x64
		{612D10DE-F562-4605-B919-9D16F29C7E5F}.Release|x86.ActiveCfg = Release|Win32
		{612D10DE-F562-4605-B919-9D16F29C7E5F}.Release|x86.Build.0 = Release|Win32
		{E1F5396E-3A66-4D17-AD21-703FF0D27A29}.Debug|x64.ActiveCfg = Debug|x64
		{E1F5396E-3A66-4D17-AD21-703FF0D27A29}.Debug|x64.Build.0 = Debug|x64
		{E1F5396E-3A66-4D17-AD21-703FF0D27A29}.Debug|x86.ActiveCfg = Debug|Win32
		{E1F5396E-3A66-4D17-AD21-703FF0D27A29}.Debug|x86.Build.0 = Debug|Win32
		{E1F5396E-3A66-4D17-AD21-703FF0D27A29}.Release|x64.ActiveCfg = Release|x64
		{E1F5396E-3A66-4D17-AD21-703FF0D27A29}.Release|x64.Build.0 = Release|x64
		{E1F5396E-3A66-4D17-AD21-703FF0D27A29}.Release|x86.ActiveCfg = Release|Win32
		{E1F5396E-3A66-4D17-AD21-703FF0D27A29}.Release|x86.Build.0 = Release|Win32
		{AFEC2B8A-9754-4A93-8551-3946F00F9F80}.Debug|x64.ActiveCfg = Debug|x64
		{AFEC2B8A-9754-4A93-8551-3946F00F9F80}.Debug|x64.Build.0 = Debug|x64
		{AFEC2B8A-9754-4A93-8551-3946F00F9F80}.Debug|x86.ActiveCfg = Debug|Win32
		{AFEC2B8A-9754-4A93-8551-3946F00F9F80}.Debug|x86.Build.0 = Debug|Win32
		{AFEC2B8A-9754-4A93-8551-3946F00F9F80}.Release|x64.ActiveCfg = Release|x64
		{AFEC2B8A-9754-4A93-8551-3946F00F9F80}.Release|x64.Build.0 = Release|x64
		{AFEC2B8A-9754-4A93-8551-3946F00F9F80}.Release|x86.ActiveCfg = Release|Win32
		{AFEC2B8A-9754-4A93-8551-3946F00F9F80}.Release|x86.Build.0 = Release|Win32
		{A247B6A0-8F90-4283-837F-3BCB2E33CA5D}.Debug|x64.ActiveCfg = Debug|x64
		{A247B6A0-8F90-4283-837F-3BCB2E33CA5D}.Debug|x64.Build.0 = Debug|x64
		{A247B6A0-8F90-4283-837F-3BCB2E33CA5D}.Debug|x86.ActiveCfg = Debug|Win32
		{A247B6A0-8F90-4283-837F-3BCB2E33CA5D}.Debug|x86.Build.0 = Debug|Win32
		{A247B6A0-8F90-4283-837F-3BCB2E33CA5D}.Release|x64.ActiveCfg = Release|x64
		{A247B6A0-8F90-4283-837F-3BCB2E33CA5D}.Release|x64.Build.0 = Release|x64
		{A247B6A0-8F90-4283-837F-3BCB2E33CA5D}.Release|x86.ActiveCfg = Release|Win32
		{A247B6A0-8F90-4283-837F-3BCB2E33CA5D}.Release|x86.Build.0 = Release|Win32
		{F0947CC2-FCC4-451C-867C-2F8ECF19439C}.Debug|x64.ActiveCfg = Debug|x64
		{F0947CC2-FCC4-451C-867C-2F8ECF19439C}.Debug|x64.Build.0 = Debug|x64
		{F0947CC2-FCC4-451C-867C-2F8ECF19439C}.Debug|x86.ActiveCfg = Debug|Win32
		{F0947CC2-FCC4-451C-867C-2F8ECF19439C}.Debug|x86.Build.0 = Debug|Win32
		{F0947CC2-FCC4-451C-867C-2F8ECF19439C}.Release|x64.ActiveCfg = Release|x64
		{F0947CC2-FCC4-451C-867C-2F8ECF19439C}.Release|x64.Build.0 = Release|x64
		{F0947CC2-FCC4-451C-867C-2F8ECF19439C}.Release|x86.ActiveCfg = Release|Win32
		{F0947CC2-FCC4-451C-867C-2F8ECF19439C}.Release|x86.Build.0 = Release|Win32
		{BEBBA8B1-E779-4AFA-ABD9-000060786857}.Debug|x64.ActiveCfg = Debug|x64
		{BEBBA8B1-E779-4AFA-ABD9-000060786857}.Debug|x64.Build.0 = Debug|x64
		{BEBBA8B1-E779-4AFA-ABD9-000060786857}.Debug|x86.ActiveCfg = Debug|Win32
		{BEBBA8B1-E779-4AFA-ABD9-000060786857}.Debug|x86.Build.0 = Debug|Win32
		{BEBBA8B1-E779-4AFA-ABD9-000060786857}.Release|x64.ActiveCfg = Release|x64
		{BEBBA8B1-E779-4AFA-ABD9-000060786857}.Release|x64.Build.0 = Release|x64
		{BEBBA8B1-E779-4AFA-ABD9-000060786857}.Release|x86.ActiveCfg = Release|Win32
		{BEBBA8B1-E779-4AFA-ABD9-000060786857}.Release|x86.Build.0 = Release|Win32
		{75BF1549-B7CE-429E-AB8C-DD8C1A0A1C13}.Debug|x64.ActiveCfg = Debug|x64
		{75BF1549-B7CE-429E-AB8C-DD8C1A0A1C13}.Debug|x64.Build.0 = Debug|x64
		{75BF1549-B7CE-429E-AB8C-DD8C1A0A1C13}.Debug|x86.ActiveCfg = Debug|Win32
		{75BF1549-B7CE-429E-AB8C-DD8C1A0A1C13}.Debug|x86.Build.0 = Debug|Win32
		{75BF1549-B7CE-429E-AB8C-DD8C1A0A1C13}.Release|x64.ActiveCfg = Release|x64
		{75BF1549-B7CE-429E-AB8C-DD8C1A0A1C13}.Release|x64.Build.0 = Release|x64
		{75BF1549-B7CE-429E-AB8C-DD8C1A0A1C13}.Release|x86.ActiveCfg = Release|Win32
		{75BF1549-B7CE-429E-AB8C-DD8C1A0A1C13}.Release|x86.Build.0 = Release|Win32
		{677CFAB5-8B2F-4C36-BA25-C7DA7DC72AD6}.Debug|x64.ActiveCfg = Debug|x64
		{677CFAB5-8B2F-4C36-BA25-C7DA7DC72AD6}.Debug|x64.Build.0 = Debug|x64
		{677CFAB5-8B2F-4C36-BA25-C7DA7DC72AD6}.Debug|x86.ActiveCfg = Debug|Win32
		{677CFAB5-8B2F-4C36-BA25-C7DA7DC72AD6}.Debug|x86.Build.0 = Debug|Win32
		{677CFAB5-8B2F-4C36-BA25-C7DA7DC72AD6}.Release|x64.ActiveCfg = Release|x64
		{677CFAB5-8B2F-4C36-BA25-C7DA7DC72AD6}.Release|x64.Build.0 = Release|x64
		{677CFAB5-8B2F-4C36-BA25-C7DA7DC72AD6}.Release|x86.ActiveCfg = Release|Win32
		{677CFAB5-8B2F-4C36-BA25-C7DA7DC72AD6}.Release|x86.Build.0 = Release|Win32
	EndGlobalSection
	GlobalSection(SolutionProperties) = preSolution
		HideSolutionNode = FALSE
	EndGlobalSection
	GlobalSection(ExtensibilityGlobals) = postSolution
		SolutionGuid = {11C69668-0C43-4003-82CA-92F0EC3A5C56}
	EndGlobalSection
EndGlobal
